<?xml version="1.0" encoding="utf-8"?>
<Project ToolsVersion="4.0" xmlns="http://schemas.microsoft.com/developer/msbuild/2003">
  <ItemGroup>
    <ClCompile Include="Source Code\External Libraries\MathGeoLib\src\Geometry\AABB.cpp">
      <Filter>Source Code\External Libraries\MathGeoLib\Geometry</Filter>
    </ClCompile>
    <ClCompile Include="Source Code\External Libraries\MathGeoLib\src\Geometry\Capsule.cpp">
      <Filter>Source Code\External Libraries\MathGeoLib\Geometry</Filter>
    </ClCompile>
    <ClCompile Include="Source Code\External Libraries\MathGeoLib\src\Geometry\Circle.cpp">
      <Filter>Source Code\External Libraries\MathGeoLib\Geometry</Filter>
    </ClCompile>
    <ClCompile Include="Source Code\External Libraries\MathGeoLib\src\Geometry\Frustum.cpp">
      <Filter>Source Code\External Libraries\MathGeoLib\Geometry</Filter>
    </ClCompile>
    <ClCompile Include="Source Code\External Libraries\MathGeoLib\src\Geometry\Line.cpp">
      <Filter>Source Code\External Libraries\MathGeoLib\Geometry</Filter>
    </ClCompile>
    <ClCompile Include="Source Code\External Libraries\MathGeoLib\src\Geometry\LineSegment.cpp">
      <Filter>Source Code\External Libraries\MathGeoLib\Geometry</Filter>
    </ClCompile>
    <ClCompile Include="Source Code\External Libraries\MathGeoLib\src\Geometry\OBB.cpp">
      <Filter>Source Code\External Libraries\MathGeoLib\Geometry</Filter>
    </ClCompile>
    <ClCompile Include="Source Code\External Libraries\MathGeoLib\src\Geometry\PBVolume.cpp">
      <Filter>Source Code\External Libraries\MathGeoLib\Geometry</Filter>
    </ClCompile>
    <ClCompile Include="Source Code\External Libraries\MathGeoLib\src\Geometry\Plane.cpp">
      <Filter>Source Code\External Libraries\MathGeoLib\Geometry</Filter>
    </ClCompile>
    <ClCompile Include="Source Code\External Libraries\MathGeoLib\src\Geometry\Polygon.cpp">
      <Filter>Source Code\External Libraries\MathGeoLib\Geometry</Filter>
    </ClCompile>
    <ClCompile Include="Source Code\External Libraries\MathGeoLib\src\Geometry\Polyhedron.cpp">
      <Filter>Source Code\External Libraries\MathGeoLib\Geometry</Filter>
    </ClCompile>
    <ClCompile Include="Source Code\External Libraries\MathGeoLib\src\Geometry\Ray.cpp">
      <Filter>Source Code\External Libraries\MathGeoLib\Geometry</Filter>
    </ClCompile>
    <ClCompile Include="Source Code\External Libraries\MathGeoLib\src\Geometry\Sphere.cpp">
      <Filter>Source Code\External Libraries\MathGeoLib\Geometry</Filter>
    </ClCompile>
    <ClCompile Include="Source Code\External Libraries\MathGeoLib\src\Geometry\Triangle.cpp">
      <Filter>Source Code\External Libraries\MathGeoLib\Geometry</Filter>
    </ClCompile>
    <ClCompile Include="Source Code\External Libraries\MathGeoLib\src\Geometry\TriangleMesh.cpp">
      <Filter>Source Code\External Libraries\MathGeoLib\Geometry</Filter>
    </ClCompile>
    <ClCompile Include="Source Code\External Libraries\MathGeoLib\src\Math\BitOps.cpp">
      <Filter>Source Code\External Libraries\MathGeoLib\Math</Filter>
    </ClCompile>
    <ClCompile Include="Source Code\External Libraries\MathGeoLib\src\Math\Callstack.cpp">
      <Filter>Source Code\External Libraries\MathGeoLib\Math</Filter>
    </ClCompile>
    <ClCompile Include="Source Code\External Libraries\MathGeoLib\src\Math\float2.cpp">
      <Filter>Source Code\External Libraries\MathGeoLib\Math</Filter>
    </ClCompile>
    <ClCompile Include="Source Code\External Libraries\MathGeoLib\src\Math\float3.cpp">
      <Filter>Source Code\External Libraries\MathGeoLib\Math</Filter>
    </ClCompile>
    <ClCompile Include="Source Code\External Libraries\MathGeoLib\src\Math\float3x3.cpp">
      <Filter>Source Code\External Libraries\MathGeoLib\Math</Filter>
    </ClCompile>
    <ClCompile Include="Source Code\External Libraries\MathGeoLib\src\Math\float3x4.cpp">
      <Filter>Source Code\External Libraries\MathGeoLib\Math</Filter>
    </ClCompile>
    <ClCompile Include="Source Code\External Libraries\MathGeoLib\src\Math\float4.cpp">
      <Filter>Source Code\External Libraries\MathGeoLib\Math</Filter>
    </ClCompile>
    <ClCompile Include="Source Code\External Libraries\MathGeoLib\src\Math\float4d.cpp">
      <Filter>Source Code\External Libraries\MathGeoLib\Math</Filter>
    </ClCompile>
    <ClCompile Include="Source Code\External Libraries\MathGeoLib\src\Math\float4x4.cpp">
      <Filter>Source Code\External Libraries\MathGeoLib\Math</Filter>
    </ClCompile>
    <ClCompile Include="Source Code\External Libraries\MathGeoLib\src\Math\grisu3.c">
      <Filter>Source Code\External Libraries\MathGeoLib\Math</Filter>
    </ClCompile>
    <ClCompile Include="Source Code\External Libraries\MathGeoLib\src\Math\grisu3_cpp.cpp">
      <Filter>Source Code\External Libraries\MathGeoLib\Math</Filter>
    </ClCompile>
    <ClCompile Include="Source Code\External Libraries\MathGeoLib\src\Math\MathFunc.cpp">
      <Filter>Source Code\External Libraries\MathGeoLib\Math</Filter>
    </ClCompile>
    <ClCompile Include="Source Code\External Libraries\MathGeoLib\src\Math\MathLog.cpp">
      <Filter>Source Code\External Libraries\MathGeoLib\Math</Filter>
    </ClCompile>
    <ClCompile Include="Source Code\External Libraries\MathGeoLib\src\Math\MathOps.cpp">
      <Filter>Source Code\External Libraries\MathGeoLib\Math</Filter>
    </ClCompile>
    <ClCompile Include="Source Code\External Libraries\MathGeoLib\src\Math\Polynomial.cpp">
      <Filter>Source Code\External Libraries\MathGeoLib\Math</Filter>
    </ClCompile>
    <ClCompile Include="Source Code\External Libraries\MathGeoLib\src\Math\Quat.cpp">
      <Filter>Source Code\External Libraries\MathGeoLib\Math</Filter>
    </ClCompile>
    <ClCompile Include="Source Code\External Libraries\MathGeoLib\src\Math\SSEMath.cpp">
      <Filter>Source Code\External Libraries\MathGeoLib\Math</Filter>
    </ClCompile>
    <ClCompile Include="Source Code\External Libraries\MathGeoLib\src\Math\TransformOps.cpp">
      <Filter>Source Code\External Libraries\MathGeoLib\Math</Filter>
    </ClCompile>
    <ClCompile Include="Source Code\External Libraries\MathGeoLib\src\Algorithm\GJK.cpp">
      <Filter>Source Code\External Libraries\MathGeoLib\Algorithm</Filter>
    </ClCompile>
    <ClCompile Include="Source Code\External Libraries\MathGeoLib\src\Algorithm\Random\LCG.cpp">
      <Filter>Source Code\External Libraries\MathGeoLib\Algorithm</Filter>
    </ClCompile>
    <ClCompile Include="Source Code\External Libraries\MathGeoLib\src\Time\Clock.cpp">
      <Filter>Source Code\External Libraries\MathGeoLib\Time</Filter>
    </ClCompile>
    <ClCompile Include="Source Code\External Libraries\ImGui\imgui_demo.cpp">
      <Filter>Source Code\External Libraries\ImGui</Filter>
    </ClCompile>
    <ClCompile Include="Source Code\External Libraries\ImGui\imgui_draw.cpp">
      <Filter>Source Code\External Libraries\ImGui</Filter>
    </ClCompile>
    <ClCompile Include="Source Code\External Libraries\ImGui\imgui_impl_sdl_gl3.cpp">
      <Filter>Source Code\External Libraries\ImGui</Filter>
    </ClCompile>
    <ClCompile Include="Source Code\External Libraries\ImGui\imgui_user2.cpp">
      <Filter>Source Code\External Libraries\ImGui</Filter>
    </ClCompile>
    <ClCompile Include="Source Code\External Libraries\ImGui\imgui.cpp">
      <Filter>Source Code\External Libraries\ImGui</Filter>
    </ClCompile>
    <ClCompile Include="Source Code\Application.cpp">
      <Filter>Source Code</Filter>
    </ClCompile>
    <ClCompile Include="Source Code\Main.cpp">
      <Filter>Source Code</Filter>
    </ClCompile>
    <ClCompile Include="Source Code\log.cpp">
      <Filter>Source Code\Tools</Filter>
    </ClCompile>
    <ClCompile Include="Source Code\Timer.cpp">
      <Filter>Source Code\Tools</Filter>
    </ClCompile>
    <ClCompile Include="Source Code\ModuleAudio.cpp">
      <Filter>Source Code\Modules</Filter>
    </ClCompile>
    <ClCompile Include="Source Code\ModuleCamera3D.cpp">
      <Filter>Source Code\Modules</Filter>
    </ClCompile>
    <ClCompile Include="Source Code\ModuleInput.cpp">
      <Filter>Source Code\Modules</Filter>
    </ClCompile>
    <ClCompile Include="Source Code\ModulePhysics3D.cpp">
      <Filter>Source Code\Modules</Filter>
    </ClCompile>
    <ClCompile Include="Source Code\ModuleRenderer3D.cpp">
      <Filter>Source Code\Modules</Filter>
    </ClCompile>
    <ClCompile Include="Source Code\ModuleScene.cpp">
      <Filter>Source Code\Modules</Filter>
    </ClCompile>
    <ClCompile Include="Source Code\ModuleWindow.cpp">
      <Filter>Source Code\Modules</Filter>
    </ClCompile>
    <ClCompile Include="Source Code\Light.cpp">
      <Filter>Source Code\Helpers</Filter>
    </ClCompile>
    <ClCompile Include="Source Code\PhysBody3D.cpp">
      <Filter>Source Code\Helpers</Filter>
    </ClCompile>
    <ClCompile Include="Source Code\PhysVehicle3D.cpp">
      <Filter>Source Code\Helpers</Filter>
    </ClCompile>
    <ClCompile Include="Source Code\Primitive.cpp">
      <Filter>Source Code\Helpers</Filter>
    </ClCompile>
    <ClCompile Include="Source Code\Color.cpp">
      <Filter>Source Code\Containers</Filter>
    </ClCompile>
    <ClCompile Include="Source Code\glmath.cpp">
      <Filter>Source Code\Containers</Filter>
    </ClCompile>
    <ClCompile Include="Source Code\PerfTimer.cpp">
      <Filter>Source Code\Tools</Filter>
    </ClCompile>
    <ClCompile Include="Source Code\ModuleImport.cpp">
      <Filter>Source Code\Modules</Filter>
    </ClCompile>
    <ClCompile Include="Source Code\GameObject.cpp">
      <Filter>Source Code\GameObjects</Filter>
    </ClCompile>
    <ClCompile Include="Source Code\Panel.cpp">
      <Filter>Source Code\Editor</Filter>
    </ClCompile>
    <ClCompile Include="Source Code\ModuleEditor.cpp">
      <Filter>Source Code\Modules</Filter>
    </ClCompile>
    <ClCompile Include="Source Code\PanelHierarchy.cpp">
      <Filter>Source Code\Editor</Filter>
    </ClCompile>
    <ClCompile Include="Source Code\PanelConsole.cpp">
      <Filter>Source Code\Editor</Filter>
    </ClCompile>
    <ClCompile Include="Source Code\PanelInspector.cpp">
      <Filter>Source Code\Editor</Filter>
    </ClCompile>
    <ClCompile Include="Source Code\Component.cpp">
      <Filter>Source Code\GameObjects\Components</Filter>
    </ClCompile>
    <ClCompile Include="Source Code\C_Mesh.cpp">
      <Filter>Source Code\GameObjects\Components</Filter>
    </ClCompile>
    <ClCompile Include="Source Code\C_Material.cpp">
      <Filter>Source Code\GameObjects\Components</Filter>
    </ClCompile>
  </ItemGroup>
  <ItemGroup>
    <ClInclude Include="Source\External Libraries\MathGeoLib\src\MathBuildConfig.h">
      <Filter>Source Code\External Libraries\MathGeoLib</Filter>
    </ClInclude>
    <ClInclude Include="Source\External Libraries\MathGeoLib\src\MathGeoLib.h">
      <Filter>Source Code\External Libraries\MathGeoLib</Filter>
    </ClInclude>
    <ClInclude Include="Source\External Libraries\MathGeoLib\src\MathGeoLibFwd.h">
      <Filter>Source Code\External Libraries\MathGeoLib</Filter>
    </ClInclude>
    <ClInclude Include="Source Code\External Libraries\MathGeoLib\src\Geometry\AABB.h">
      <Filter>Source Code\External Libraries\MathGeoLib\Geometry</Filter>
    </ClInclude>
    <ClInclude Include="Source Code\External Libraries\MathGeoLib\src\Geometry\AABB2D.h">
      <Filter>Source Code\External Libraries\MathGeoLib\Geometry</Filter>
    </ClInclude>
    <ClInclude Include="Source Code\External Libraries\MathGeoLib\src\Geometry\Capsule.h">
      <Filter>Source Code\External Libraries\MathGeoLib\Geometry</Filter>
    </ClInclude>
    <ClInclude Include="Source Code\External Libraries\MathGeoLib\src\Geometry\Circle.h">
      <Filter>Source Code\External Libraries\MathGeoLib\Geometry</Filter>
    </ClInclude>
    <ClInclude Include="Source Code\External Libraries\MathGeoLib\src\Geometry\Frustum.h">
      <Filter>Source Code\External Libraries\MathGeoLib\Geometry</Filter>
    </ClInclude>
    <ClInclude Include="Source Code\External Libraries\MathGeoLib\src\Geometry\GeometryAll.h">
      <Filter>Source Code\External Libraries\MathGeoLib\Geometry</Filter>
    </ClInclude>
    <ClInclude Include="Source Code\External Libraries\MathGeoLib\src\Geometry\GeomType.h">
      <Filter>Source Code\External Libraries\MathGeoLib\Geometry</Filter>
    </ClInclude>
    <ClInclude Include="Source Code\External Libraries\MathGeoLib\src\Geometry\HitInfo.h">
      <Filter>Source Code\External Libraries\MathGeoLib\Geometry</Filter>
    </ClInclude>
    <ClInclude Include="Source Code\External Libraries\MathGeoLib\src\Geometry\KDTree.h">
      <Filter>Source Code\External Libraries\MathGeoLib\Geometry</Filter>
    </ClInclude>
    <ClInclude Include="Source Code\External Libraries\MathGeoLib\src\Geometry\Line.h">
      <Filter>Source Code\External Libraries\MathGeoLib\Geometry</Filter>
    </ClInclude>
    <ClInclude Include="Source Code\External Libraries\MathGeoLib\src\Geometry\LineSegment.h">
      <Filter>Source Code\External Libraries\MathGeoLib\Geometry</Filter>
    </ClInclude>
    <ClInclude Include="Source Code\External Libraries\MathGeoLib\src\Geometry\OBB.h">
      <Filter>Source Code\External Libraries\MathGeoLib\Geometry</Filter>
    </ClInclude>
    <ClInclude Include="Source Code\External Libraries\MathGeoLib\src\Geometry\PBVolume.h">
      <Filter>Source Code\External Libraries\MathGeoLib\Geometry</Filter>
    </ClInclude>
    <ClInclude Include="Source Code\External Libraries\MathGeoLib\src\Geometry\Plane.h">
      <Filter>Source Code\External Libraries\MathGeoLib\Geometry</Filter>
    </ClInclude>
    <ClInclude Include="Source Code\External Libraries\MathGeoLib\src\Geometry\Polygon.h">
      <Filter>Source Code\External Libraries\MathGeoLib\Geometry</Filter>
    </ClInclude>
    <ClInclude Include="Source Code\External Libraries\MathGeoLib\src\Geometry\Polyhedron.h">
      <Filter>Source Code\External Libraries\MathGeoLib\Geometry</Filter>
    </ClInclude>
    <ClInclude Include="Source Code\External Libraries\MathGeoLib\src\Geometry\QuadTree.h">
      <Filter>Source Code\External Libraries\MathGeoLib\Geometry</Filter>
    </ClInclude>
    <ClInclude Include="Source Code\External Libraries\MathGeoLib\src\Geometry\Ray.h">
      <Filter>Source Code\External Libraries\MathGeoLib\Geometry</Filter>
    </ClInclude>
    <ClInclude Include="Source Code\External Libraries\MathGeoLib\src\Geometry\Sphere.h">
      <Filter>Source Code\External Libraries\MathGeoLib\Geometry</Filter>
    </ClInclude>
    <ClInclude Include="Source Code\External Libraries\MathGeoLib\src\Geometry\Triangle.h">
      <Filter>Source Code\External Libraries\MathGeoLib\Geometry</Filter>
    </ClInclude>
    <ClInclude Include="Source Code\External Libraries\MathGeoLib\src\Geometry\TriangleMesh.h">
      <Filter>Source Code\External Libraries\MathGeoLib\Geometry</Filter>
    </ClInclude>
    <ClInclude Include="Source Code\External Libraries\MathGeoLib\src\Math\TransformOps.h">
      <Filter>Source Code\External Libraries\MathGeoLib\Math</Filter>
    </ClInclude>
    <ClInclude Include="Source Code\External Libraries\MathGeoLib\src\Math\assume.h">
      <Filter>Source Code\External Libraries\MathGeoLib\Math</Filter>
    </ClInclude>
    <ClInclude Include="Source Code\External Libraries\MathGeoLib\src\Math\BitOps.h">
      <Filter>Source Code\External Libraries\MathGeoLib\Math</Filter>
    </ClInclude>
    <ClInclude Include="Source Code\External Libraries\MathGeoLib\src\Math\Callstack.h">
      <Filter>Source Code\External Libraries\MathGeoLib\Math</Filter>
    </ClInclude>
    <ClInclude Include="Source Code\External Libraries\MathGeoLib\src\Math\FixedPoint.h">
      <Filter>Source Code\External Libraries\MathGeoLib\Math</Filter>
    </ClInclude>
    <ClInclude Include="Source Code\External Libraries\MathGeoLib\src\Math\float2.h">
      <Filter>Source Code\External Libraries\MathGeoLib\Math</Filter>
    </ClInclude>
    <ClInclude Include="Source Code\External Libraries\MathGeoLib\src\Math\float3.h">
      <Filter>Source Code\External Libraries\MathGeoLib\Math</Filter>
    </ClInclude>
    <ClInclude Include="Source Code\External Libraries\MathGeoLib\src\Math\float3x3.h">
      <Filter>Source Code\External Libraries\MathGeoLib\Math</Filter>
    </ClInclude>
    <ClInclude Include="Source Code\External Libraries\MathGeoLib\src\Math\float3x4.h">
      <Filter>Source Code\External Libraries\MathGeoLib\Math</Filter>
    </ClInclude>
    <ClInclude Include="Source Code\External Libraries\MathGeoLib\src\Math\float4.h">
      <Filter>Source Code\External Libraries\MathGeoLib\Math</Filter>
    </ClInclude>
    <ClInclude Include="Source Code\External Libraries\MathGeoLib\src\Math\float4_neon.h">
      <Filter>Source Code\External Libraries\MathGeoLib\Math</Filter>
    </ClInclude>
    <ClInclude Include="Source Code\External Libraries\MathGeoLib\src\Math\float4_sse.h">
      <Filter>Source Code\External Libraries\MathGeoLib\Math</Filter>
    </ClInclude>
    <ClInclude Include="Source Code\External Libraries\MathGeoLib\src\Math\float4d.h">
      <Filter>Source Code\External Libraries\MathGeoLib\Math</Filter>
    </ClInclude>
    <ClInclude Include="Source Code\External Libraries\MathGeoLib\src\Math\float4x4.h">
      <Filter>Source Code\External Libraries\MathGeoLib\Math</Filter>
    </ClInclude>
    <ClInclude Include="Source Code\External Libraries\MathGeoLib\src\Math\float4x4_neon.h">
      <Filter>Source Code\External Libraries\MathGeoLib\Math</Filter>
    </ClInclude>
    <ClInclude Include="Source Code\External Libraries\MathGeoLib\src\Math\float4x4_sse.h">
      <Filter>Source Code\External Libraries\MathGeoLib\Math</Filter>
    </ClInclude>
    <ClInclude Include="Source Code\External Libraries\MathGeoLib\src\Math\FloatCmp.h">
      <Filter>Source Code\External Libraries\MathGeoLib\Math</Filter>
    </ClInclude>
    <ClInclude Include="Source Code\External Libraries\MathGeoLib\src\Math\grisu3.h">
      <Filter>Source Code\External Libraries\MathGeoLib\Math</Filter>
    </ClInclude>
    <ClInclude Include="Source Code\External Libraries\MathGeoLib\src\Math\InclWindows.h">
      <Filter>Source Code\External Libraries\MathGeoLib\Math</Filter>
    </ClInclude>
    <ClInclude Include="Source Code\External Libraries\MathGeoLib\src\Math\MathAll.h">
      <Filter>Source Code\External Libraries\MathGeoLib\Math</Filter>
    </ClInclude>
    <ClInclude Include="Source Code\External Libraries\MathGeoLib\src\Math\MathConstants.h">
      <Filter>Source Code\External Libraries\MathGeoLib\Math</Filter>
    </ClInclude>
    <ClInclude Include="Source Code\External Libraries\MathGeoLib\src\Math\MathFunc.h">
      <Filter>Source Code\External Libraries\MathGeoLib\Math</Filter>
    </ClInclude>
    <ClInclude Include="Source Code\External Libraries\MathGeoLib\src\Math\MathLog.h">
      <Filter>Source Code\External Libraries\MathGeoLib\Math</Filter>
    </ClInclude>
    <ClInclude Include="Source Code\External Libraries\MathGeoLib\src\Math\MathNamespace.h">
      <Filter>Source Code\External Libraries\MathGeoLib\Math</Filter>
    </ClInclude>
    <ClInclude Include="Source Code\External Libraries\MathGeoLib\src\Math\MathTypes.h">
      <Filter>Source Code\External Libraries\MathGeoLib\Math</Filter>
    </ClInclude>
    <ClInclude Include="Source Code\External Libraries\MathGeoLib\src\Math\MatrixProxy.h">
      <Filter>Source Code\External Libraries\MathGeoLib\Math</Filter>
    </ClInclude>
    <ClInclude Include="Source Code\External Libraries\MathGeoLib\src\Math\myassert.h">
      <Filter>Source Code\External Libraries\MathGeoLib\Math</Filter>
    </ClInclude>
    <ClInclude Include="Source Code\External Libraries\MathGeoLib\src\Math\Polynomial.h">
      <Filter>Source Code\External Libraries\MathGeoLib\Math</Filter>
    </ClInclude>
    <ClInclude Include="Source Code\External Libraries\MathGeoLib\src\Math\Quat.h">
      <Filter>Source Code\External Libraries\MathGeoLib\Math</Filter>
    </ClInclude>
    <ClInclude Include="Source Code\External Libraries\MathGeoLib\src\Math\quat_simd.h">
      <Filter>Source Code\External Libraries\MathGeoLib\Math</Filter>
    </ClInclude>
    <ClInclude Include="Source Code\External Libraries\MathGeoLib\src\Math\Rect.h">
      <Filter>Source Code\External Libraries\MathGeoLib\Math</Filter>
    </ClInclude>
    <ClInclude Include="Source Code\External Libraries\MathGeoLib\src\Math\Reinterpret.h">
      <Filter>Source Code\External Libraries\MathGeoLib\Math</Filter>
    </ClInclude>
    <ClInclude Include="Source Code\External Libraries\MathGeoLib\src\Math\simd.h">
      <Filter>Source Code\External Libraries\MathGeoLib\Math</Filter>
    </ClInclude>
    <ClInclude Include="Source Code\External Libraries\MathGeoLib\src\Math\sse_mathfun.h">
      <Filter>Source Code\External Libraries\MathGeoLib\Math</Filter>
    </ClInclude>
    <ClInclude Include="Source Code\External Libraries\MathGeoLib\src\Math\SSEMath.h">
      <Filter>Source Code\External Libraries\MathGeoLib\Math</Filter>
    </ClInclude>
    <ClInclude Include="Source Code\External Libraries\MathGeoLib\src\Algorithm\GJK.h">
      <Filter>Source Code\External Libraries\MathGeoLib\Algorithm</Filter>
    </ClInclude>
    <ClInclude Include="Source Code\External Libraries\MathGeoLib\src\Algorithm\SAT.h">
      <Filter>Source Code\External Libraries\MathGeoLib\Algorithm</Filter>
    </ClInclude>
    <ClInclude Include="Source Code\External Libraries\MathGeoLib\src\Algorithm\Random\LCG.h">
      <Filter>Source Code\External Libraries\MathGeoLib\Algorithm</Filter>
    </ClInclude>
    <ClInclude Include="Source Code\External Libraries\MathGeoLib\src\Time\Clock.h">
      <Filter>Source Code\External Libraries\MathGeoLib\Time</Filter>
    </ClInclude>
    <ClInclude Include="Source Code\External Libraries\ImGui\imgui.h">
      <Filter>Source Code\External Libraries\ImGui</Filter>
    </ClInclude>
    <ClInclude Include="Source Code\External Libraries\ImGui\imgui_impl_sdl_gl3.h">
      <Filter>Source Code\External Libraries\ImGui</Filter>
    </ClInclude>
    <ClInclude Include="Source Code\External Libraries\ImGui\imgui_internal.h">
      <Filter>Source Code\External Libraries\ImGui</Filter>
    </ClInclude>
    <ClInclude Include="Source Code\External Libraries\ImGui\imgui_user.h">
      <Filter>Source Code\External Libraries\ImGui</Filter>
    </ClInclude>
    <ClInclude Include="Source Code\External Libraries\ImGui\stb_rect_pack.h">
      <Filter>Source Code\External Libraries\ImGui</Filter>
    </ClInclude>
    <ClInclude Include="Source Code\External Libraries\ImGui\stb_textedit.h">
      <Filter>Source Code\External Libraries\ImGui</Filter>
    </ClInclude>
    <ClInclude Include="Source Code\External Libraries\ImGui\stb_truetype.h">
      <Filter>Source Code\External Libraries\ImGui</Filter>
    </ClInclude>
    <ClInclude Include="Source Code\External Libraries\ImGui\imconfig.h">
      <Filter>Source Code\External Libraries\ImGui</Filter>
    </ClInclude>
    <ClInclude Include="Source Code\Application.h">
      <Filter>Source Code</Filter>
    </ClInclude>
    <ClInclude Include="Source Code\Timer.h">
      <Filter>Source Code\Tools</Filter>
    </ClInclude>
    <ClInclude Include="Source Code\ModuleWindow.h">
      <Filter>Source Code\Modules</Filter>
    </ClInclude>
    <ClInclude Include="Source Code\Module.h">
      <Filter>Source Code\Modules</Filter>
    </ClInclude>
    <ClInclude Include="Source Code\ModuleAudio.h">
      <Filter>Source Code\Modules</Filter>
    </ClInclude>
    <ClInclude Include="Source Code\ModuleCamera3D.h">
      <Filter>Source Code\Modules</Filter>
    </ClInclude>
    <ClInclude Include="Source Code\ModuleInput.h">
      <Filter>Source Code\Modules</Filter>
    </ClInclude>
    <ClInclude Include="Source Code\ModulePhysics3D.h">
      <Filter>Source Code\Modules</Filter>
    </ClInclude>
    <ClInclude Include="Source Code\ModuleRenderer3D.h">
      <Filter>Source Code\Modules</Filter>
    </ClInclude>
    <ClInclude Include="Source Code\ModuleScene.h">
      <Filter>Source Code\Modules</Filter>
    </ClInclude>
    <ClInclude Include="Source Code\Light.h">
      <Filter>Source Code\Helpers</Filter>
    </ClInclude>
    <ClInclude Include="Source Code\PhysBody3D.h">
      <Filter>Source Code\Helpers</Filter>
    </ClInclude>
    <ClInclude Include="Source Code\PhysVehicle3D.h">
      <Filter>Source Code\Helpers</Filter>
    </ClInclude>
    <ClInclude Include="Source Code\Primitive.h">
      <Filter>Source Code\Helpers</Filter>
    </ClInclude>
    <ClInclude Include="Source Code\p2List.h">
      <Filter>Source Code\Containers</Filter>
    </ClInclude>
    <ClInclude Include="Source Code\p2Point.h">
      <Filter>Source Code\Containers</Filter>
    </ClInclude>
    <ClInclude Include="Source Code\Color.h">
      <Filter>Source Code\Containers</Filter>
    </ClInclude>
    <ClInclude Include="Source Code\glmath.h">
      <Filter>Source Code\Containers</Filter>
    </ClInclude>
    <ClInclude Include="Source Code\p2DynArray.h">
      <Filter>Source Code\Containers</Filter>
    </ClInclude>
    <ClInclude Include="Source Code\Globals.h">
      <Filter>Source Code</Filter>
    </ClInclude>
    <ClInclude Include="Source Code\PerfTimer.h">
      <Filter>Source Code\Tools</Filter>
    </ClInclude>
    <ClInclude Include="Source Code\OpenGL.h">
      <Filter>Source Code\Tools</Filter>
    </ClInclude>
    <ClInclude Include="Source Code\ModuleImport.h">
      <Filter>Source Code\Modules</Filter>
    </ClInclude>
    <ClInclude Include="Source Code\GameObject.h">
      <Filter>Source Code\GameObjects</Filter>
    </ClInclude>
    <ClInclude Include="Source Code\External Libraries\Devil\include\config.h">
      <Filter>Source Code\External Libraries\Devil</Filter>
    </ClInclude>
    <ClInclude Include="Source Code\External Libraries\Devil\include\devil_internal_exports.h">
      <Filter>Source Code\External Libraries\Devil</Filter>
    </ClInclude>
    <ClInclude Include="Source Code\External Libraries\Devil\include\il.h">
      <Filter>Source Code\External Libraries\Devil</Filter>
    </ClInclude>
    <ClInclude Include="Source Code\External Libraries\Devil\include\il_wrap.h">
      <Filter>Source Code\External Libraries\Devil</Filter>
    </ClInclude>
    <ClInclude Include="Source Code\External Libraries\Devil\include\ilu.h">
      <Filter>Source Code\External Libraries\Devil</Filter>
    </ClInclude>
    <ClInclude Include="Source Code\External Libraries\Devil\include\ilu_region.h">
      <Filter>Source Code\External Libraries\Devil</Filter>
    </ClInclude>
    <ClInclude Include="Source Code\External Libraries\Devil\include\ilut.h">
      <Filter>Source Code\External Libraries\Devil</Filter>
    </ClInclude>
    <ClInclude Include="Source Code\External Libraries\Devil\include\ilut_config.h">
      <Filter>Source Code\External Libraries\Devil</Filter>
    </ClInclude>
    <ClInclude Include="Source Code\Panel.h">
      <Filter>Source Code\Editor</Filter>
    </ClInclude>
    <ClInclude Include="Source Code\ModuleEditor.h">
      <Filter>Source Code\Modules</Filter>
    </ClInclude>
    <ClInclude Include="Source Code\PanelHierarchy.h">
      <Filter>Source Code\Editor</Filter>
    </ClInclude>
    <ClInclude Include="Source Code\PanelConsole.h">
      <Filter>Source Code\Editor</Filter>
    </ClInclude>
    <ClInclude Include="Source Code\PanelInspector.h">
      <Filter>Source Code\Editor</Filter>
    </ClInclude>
    <ClInclude Include="Source Code\Component.h">
      <Filter>Source Code\GameObjects\Components</Filter>
    </ClInclude>
    <ClInclude Include="Source Code\C_Mesh.h">
      <Filter>Source Code\GameObjects\Components</Filter>
    </ClInclude>
    <ClInclude Include="Source Code\C_Material.h">
      <Filter>Source Code\GameObjects\Components</Filter>
    </ClInclude>
  </ItemGroup>
  <ItemGroup>
    <Filter Include="Source Code">
      <UniqueIdentifier>{e0f95dbb-9480-4263-968e-4c8d81d9f35f}</UniqueIdentifier>
    </Filter>
    <Filter Include="Source Code\Containers">
      <UniqueIdentifier>{25dffa32-e346-4af8-9669-2bc3f87525f3}</UniqueIdentifier>
    </Filter>
    <Filter Include="Source Code\Helpers">
      <UniqueIdentifier>{d504f829-ec6d-4862-b41a-942669824cca}</UniqueIdentifier>
    </Filter>
    <Filter Include="Source Code\Modules">
      <UniqueIdentifier>{f317e83d-1e91-4b12-b14b-79ece024fba9}</UniqueIdentifier>
    </Filter>
    <Filter Include="Source Code\Tools">
      <UniqueIdentifier>{759f7e70-31f7-4b86-be00-debebc558f59}</UniqueIdentifier>
    </Filter>
    <Filter Include="Source Code\External Libraries">
      <UniqueIdentifier>{873dc186-77d1-4832-acb3-a23699d2fcf1}</UniqueIdentifier>
    </Filter>
    <Filter Include="Source Code\External Libraries\MathGeoLib">
      <UniqueIdentifier>{af7403e8-28f8-4a0d-afc5-b9c12d60c9b8}</UniqueIdentifier>
    </Filter>
    <Filter Include="Source Code\External Libraries\ImGui">
      <UniqueIdentifier>{5064927b-e69e-427b-8674-aed6b4b4e8e8}</UniqueIdentifier>
    </Filter>
    <Filter Include="Source Code\External Libraries\MathGeoLib\Algorithm">
      <UniqueIdentifier>{2c832079-b127-490a-8e04-8bac4e5e0b0e}</UniqueIdentifier>
    </Filter>
    <Filter Include="Source Code\External Libraries\MathGeoLib\Geometry">
      <UniqueIdentifier>{ce7847f8-21f3-4bce-909f-f5365b451999}</UniqueIdentifier>
    </Filter>
    <Filter Include="Source Code\External Libraries\MathGeoLib\Math">
      <UniqueIdentifier>{5e5668d8-5ffc-4c96-bc18-2fba23674b05}</UniqueIdentifier>
    </Filter>
    <Filter Include="Source Code\External Libraries\MathGeoLib\Time">
      <UniqueIdentifier>{67e54249-6e6f-483a-89fd-eb4b78a4f4ef}</UniqueIdentifier>
    </Filter>
    <Filter Include="Source Code\GameObjects">
      <UniqueIdentifier>{70ddd702-1d19-464d-8fe9-5d0edbdab5a6}</UniqueIdentifier>
    </Filter>
    <Filter Include="Source Code\External Libraries\Devil">
      <UniqueIdentifier>{4f51e8ea-0cf5-427a-91b5-48b2a4251d59}</UniqueIdentifier>
    </Filter>
    <Filter Include="Source Code\Editor">
      <UniqueIdentifier>{5c23cb72-7b71-4648-8e76-e1494dd55f3a}</UniqueIdentifier>
    </Filter>
    <Filter Include="Source Code\GameObjects\Components">
      <UniqueIdentifier>{7a22f48e-f24f-4f9b-87ca-da9c7d73ac05}</UniqueIdentifier>
    </Filter>
  </ItemGroup>
  <ItemGroup>
    <None Include="Source Code\External Libraries\MathGeoLib\src\Geometry\TriangleMesh_IntersectRay_CPP.inl">
      <Filter>Source Code\External Libraries\MathGeoLib\Geometry</Filter>
    </None>
    <None Include="Source Code\External Libraries\MathGeoLib\src\Geometry\TriangleMesh_IntersectRay_SSE.inl">
      <Filter>Source Code\External Libraries\MathGeoLib\Geometry</Filter>
    </None>
    <None Include="Source Code\External Libraries\MathGeoLib\src\Geometry\KDTree.inl">
      <Filter>Source Code\External Libraries\MathGeoLib\Geometry</Filter>
    </None>
    <None Include="Source Code\External Libraries\MathGeoLib\src\Geometry\QuadTree.inl">
      <Filter>Source Code\External Libraries\MathGeoLib\Geometry</Filter>
    </None>
    <None Include="Source Code\External Libraries\MathGeoLib\src\Geometry\TriangleMesh_IntersectRay_AVX.inl">
      <Filter>Source Code\External Libraries\MathGeoLib\Geometry</Filter>
    </None>
    <None Include="Source Code\External Libraries\MathGeoLib\src\Math\float2.inl">
      <Filter>Source Code\External Libraries\MathGeoLib\Math</Filter>
    </None>
    <None Include="Source Code\External Libraries\MathGeoLib\src\Math\Matrix.inl">
      <Filter>Source Code\External Libraries\MathGeoLib\Math</Filter>
    </None>
  </ItemGroup>
</Project>