<?xml version="1.0" encoding="utf-8"?>
<Project ToolsVersion="4.0" xmlns="http://schemas.microsoft.com/developer/msbuild/2003">
  <ItemGroup>
    <ClCompile Include="Source Code\External Libraries\MathGeoLib\src\Geometry\AABB.cpp">
      <Filter>External Libraries\MathGeoLib\Geometry</Filter>
    </ClCompile>
    <ClCompile Include="Source Code\External Libraries\MathGeoLib\src\Geometry\Capsule.cpp">
      <Filter>External Libraries\MathGeoLib\Geometry</Filter>
    </ClCompile>
    <ClCompile Include="Source Code\External Libraries\MathGeoLib\src\Geometry\Circle.cpp">
      <Filter>External Libraries\MathGeoLib\Geometry</Filter>
    </ClCompile>
    <ClCompile Include="Source Code\External Libraries\MathGeoLib\src\Geometry\Frustum.cpp">
      <Filter>External Libraries\MathGeoLib\Geometry</Filter>
    </ClCompile>
    <ClCompile Include="Source Code\External Libraries\MathGeoLib\src\Geometry\Line.cpp">
      <Filter>External Libraries\MathGeoLib\Geometry</Filter>
    </ClCompile>
    <ClCompile Include="Source Code\External Libraries\MathGeoLib\src\Geometry\LineSegment.cpp">
      <Filter>External Libraries\MathGeoLib\Geometry</Filter>
    </ClCompile>
    <ClCompile Include="Source Code\External Libraries\MathGeoLib\src\Geometry\OBB.cpp">
      <Filter>External Libraries\MathGeoLib\Geometry</Filter>
    </ClCompile>
    <ClCompile Include="Source Code\External Libraries\MathGeoLib\src\Geometry\PBVolume.cpp">
      <Filter>External Libraries\MathGeoLib\Geometry</Filter>
    </ClCompile>
    <ClCompile Include="Source Code\External Libraries\MathGeoLib\src\Geometry\Plane.cpp">
      <Filter>External Libraries\MathGeoLib\Geometry</Filter>
    </ClCompile>
    <ClCompile Include="Source Code\External Libraries\MathGeoLib\src\Geometry\Polygon.cpp">
      <Filter>External Libraries\MathGeoLib\Geometry</Filter>
    </ClCompile>
    <ClCompile Include="Source Code\External Libraries\MathGeoLib\src\Geometry\Polyhedron.cpp">
      <Filter>External Libraries\MathGeoLib\Geometry</Filter>
    </ClCompile>
    <ClCompile Include="Source Code\External Libraries\MathGeoLib\src\Geometry\Ray.cpp">
      <Filter>External Libraries\MathGeoLib\Geometry</Filter>
    </ClCompile>
    <ClCompile Include="Source Code\External Libraries\MathGeoLib\src\Geometry\Sphere.cpp">
      <Filter>External Libraries\MathGeoLib\Geometry</Filter>
    </ClCompile>
    <ClCompile Include="Source Code\External Libraries\MathGeoLib\src\Geometry\Triangle.cpp">
      <Filter>External Libraries\MathGeoLib\Geometry</Filter>
    </ClCompile>
    <ClCompile Include="Source Code\External Libraries\MathGeoLib\src\Geometry\TriangleMesh.cpp">
      <Filter>External Libraries\MathGeoLib\Geometry</Filter>
    </ClCompile>
    <ClCompile Include="Source Code\External Libraries\MathGeoLib\src\Math\BitOps.cpp">
      <Filter>External Libraries\MathGeoLib\Math</Filter>
    </ClCompile>
    <ClCompile Include="Source Code\External Libraries\MathGeoLib\src\Math\Callstack.cpp">
      <Filter>External Libraries\MathGeoLib\Math</Filter>
    </ClCompile>
    <ClCompile Include="Source Code\External Libraries\MathGeoLib\src\Math\float2.cpp">
      <Filter>External Libraries\MathGeoLib\Math</Filter>
    </ClCompile>
    <ClCompile Include="Source Code\External Libraries\MathGeoLib\src\Math\float3.cpp">
      <Filter>External Libraries\MathGeoLib\Math</Filter>
    </ClCompile>
    <ClCompile Include="Source Code\External Libraries\MathGeoLib\src\Math\float3x3.cpp">
      <Filter>External Libraries\MathGeoLib\Math</Filter>
    </ClCompile>
    <ClCompile Include="Source Code\External Libraries\MathGeoLib\src\Math\float3x4.cpp">
      <Filter>External Libraries\MathGeoLib\Math</Filter>
    </ClCompile>
    <ClCompile Include="Source Code\External Libraries\MathGeoLib\src\Math\float4.cpp">
      <Filter>External Libraries\MathGeoLib\Math</Filter>
    </ClCompile>
    <ClCompile Include="Source Code\External Libraries\MathGeoLib\src\Math\float4d.cpp">
      <Filter>External Libraries\MathGeoLib\Math</Filter>
    </ClCompile>
    <ClCompile Include="Source Code\External Libraries\MathGeoLib\src\Math\float4x4.cpp">
      <Filter>External Libraries\MathGeoLib\Math</Filter>
    </ClCompile>
    <ClCompile Include="Source Code\External Libraries\MathGeoLib\src\Math\grisu3.c">
      <Filter>External Libraries\MathGeoLib\Math</Filter>
    </ClCompile>
    <ClCompile Include="Source Code\External Libraries\MathGeoLib\src\Math\grisu3_cpp.cpp">
      <Filter>External Libraries\MathGeoLib\Math</Filter>
    </ClCompile>
    <ClCompile Include="Source Code\External Libraries\MathGeoLib\src\Math\MathFunc.cpp">
      <Filter>External Libraries\MathGeoLib\Math</Filter>
    </ClCompile>
    <ClCompile Include="Source Code\External Libraries\MathGeoLib\src\Math\MathLog.cpp">
      <Filter>External Libraries\MathGeoLib\Math</Filter>
    </ClCompile>
    <ClCompile Include="Source Code\External Libraries\MathGeoLib\src\Math\MathOps.cpp">
      <Filter>External Libraries\MathGeoLib\Math</Filter>
    </ClCompile>
    <ClCompile Include="Source Code\External Libraries\MathGeoLib\src\Math\Polynomial.cpp">
      <Filter>External Libraries\MathGeoLib\Math</Filter>
    </ClCompile>
    <ClCompile Include="Source Code\External Libraries\MathGeoLib\src\Math\Quat.cpp">
      <Filter>External Libraries\MathGeoLib\Math</Filter>
    </ClCompile>
    <ClCompile Include="Source Code\External Libraries\MathGeoLib\src\Math\SSEMath.cpp">
      <Filter>External Libraries\MathGeoLib\Math</Filter>
    </ClCompile>
    <ClCompile Include="Source Code\External Libraries\MathGeoLib\src\Math\TransformOps.cpp">
      <Filter>External Libraries\MathGeoLib\Math</Filter>
    </ClCompile>
    <ClCompile Include="Source Code\External Libraries\MathGeoLib\src\Algorithm\GJK.cpp">
      <Filter>External Libraries\MathGeoLib\Algorithm</Filter>
    </ClCompile>
    <ClCompile Include="Source Code\External Libraries\MathGeoLib\src\Algorithm\Random\LCG.cpp">
      <Filter>External Libraries\MathGeoLib\Algorithm</Filter>
    </ClCompile>
    <ClCompile Include="Source Code\External Libraries\MathGeoLib\src\Time\Clock.cpp">
      <Filter>External Libraries\MathGeoLib\Time</Filter>
    </ClCompile>
    <ClCompile Include="Source Code\Main.cpp">
      <Filter>Source Code</Filter>
    </ClCompile>
    <ClCompile Include="Source Code\log.cpp">
      <Filter>Source Code\Tools</Filter>
    </ClCompile>
    <ClCompile Include="Source Code\Timer.cpp">
      <Filter>Source Code\Tools</Filter>
    </ClCompile>
    <ClCompile Include="Source Code\Light.cpp">
      <Filter>Source Code\GameObjects\Helpers</Filter>
    </ClCompile>
    <ClCompile Include="Source Code\Color.cpp">
      <Filter>Source Code\Containers</Filter>
    </ClCompile>
    <ClCompile Include="Source Code\PerfTimer.cpp">
      <Filter>Source Code\Tools</Filter>
    </ClCompile>
    <ClCompile Include="Source Code\GameObject.cpp">
      <Filter>Source Code\GameObjects</Filter>
    </ClCompile>
    <ClCompile Include="Source Code\Component.cpp">
      <Filter>Source Code\GameObjects\Components</Filter>
    </ClCompile>
    <ClCompile Include="Source Code\C_Mesh.cpp">
      <Filter>Source Code\GameObjects\Components</Filter>
    </ClCompile>
    <ClCompile Include="Source Code\C_Material.cpp">
      <Filter>Source Code\GameObjects\Components</Filter>
    </ClCompile>
    <ClCompile Include="Source Code\C_Camera.cpp">
      <Filter>Source Code\GameObjects\Components</Filter>
    </ClCompile>
    <ClCompile Include="Source Code\C_Transform.cpp">
      <Filter>Source Code\GameObjects\Components</Filter>
    </ClCompile>
    <ClCompile Include="Source Code\Gizmos.cpp">
      <Filter>Source Code\GameObjects\Helpers</Filter>
    </ClCompile>
    <ClCompile Include="Source Code\Intersections.cpp">
      <Filter>Source Code\GameObjects\Helpers</Filter>
    </ClCompile>
    <ClCompile Include="Source Code\External Libraries\parson\parson.c">
      <Filter>External Libraries\parson</Filter>
    </ClCompile>
    <ClCompile Include="Source Code\Config.cpp">
      <Filter>Source Code\Containers</Filter>
    </ClCompile>
    <ClCompile Include="Source Code\Quadtree.cpp">
      <Filter>Source Code\Containers</Filter>
    </ClCompile>
    <ClCompile Include="Source Code\M_Editor.cpp">
      <Filter>Source Code\Modules</Filter>
    </ClCompile>
    <ClCompile Include="Source Code\M_FileSystem.cpp">
      <Filter>Source Code\Modules</Filter>
    </ClCompile>
    <ClCompile Include="Source Code\M_Input.cpp">
      <Filter>Source Code\Modules</Filter>
    </ClCompile>
    <ClCompile Include="Source Code\M_Renderer3D.cpp">
      <Filter>Source Code\Modules</Filter>
    </ClCompile>
    <ClCompile Include="Source Code\M_Window.cpp">
      <Filter>Source Code\Modules</Filter>
    </ClCompile>
    <ClCompile Include="Source Code\R_Mesh.cpp">
      <Filter>Source Code\Resources</Filter>
    </ClCompile>
    <ClCompile Include="Source Code\R_Texture.cpp">
      <Filter>Source Code\Resources</Filter>
    </ClCompile>
    <ClCompile Include="Source Code\R_Material.cpp">
      <Filter>Source Code\Resources</Filter>
    </ClCompile>
    <ClCompile Include="Source Code\Time.cpp">
      <Filter>Source Code\Tools</Filter>
    </ClCompile>
    <ClCompile Include="Source Code\M_Resources.cpp">
      <Filter>Source Code\Modules</Filter>
    </ClCompile>
    <ClCompile Include="Source Code\R_Animation.cpp">
      <Filter>Source Code\Resources</Filter>
    </ClCompile>
    <ClCompile Include="Source Code\R_Folder.cpp">
      <Filter>Source Code\Resources</Filter>
    </ClCompile>
    <ClCompile Include="Source Code\TreeNode.cpp">
      <Filter>Source Code\Editor</Filter>
    </ClCompile>
    <ClCompile Include="Source Code\TreeDisplay.cpp">
      <Filter>Source Code\Editor</Filter>
    </ClCompile>
    <ClCompile Include="Source Code\Vec2.cpp">
      <Filter>Source Code\Math</Filter>
    </ClCompile>
    <ClCompile Include="Source Code\External Libraries\ImGuizmo\ImGuizmo.cpp">
      <Filter>External Libraries\ImGuizmo</Filter>
    </ClCompile>
    <ClCompile Include="Source Code\External Libraries\ImGui\imgui.cpp">
      <Filter>External Libraries\ImGui</Filter>
    </ClCompile>
    <ClCompile Include="Source Code\External Libraries\ImGui\imgui_demo.cpp">
      <Filter>External Libraries\ImGui</Filter>
    </ClCompile>
    <ClCompile Include="Source Code\External Libraries\ImGui\imgui_draw.cpp">
      <Filter>External Libraries\ImGui</Filter>
    </ClCompile>
    <ClCompile Include="Source Code\External Libraries\ImGui\imgui_widgets.cpp">
      <Filter>External Libraries\ImGui</Filter>
    </ClCompile>
    <ClCompile Include="Source Code\External Libraries\ImGui\imgui_impl_sdl.cpp">
      <Filter>External Libraries\ImGui</Filter>
    </ClCompile>
    <ClCompile Include="Source Code\External Libraries\ImGui\imgui_impl_opengl3.cpp">
      <Filter>External Libraries\ImGui</Filter>
    </ClCompile>
    <ClCompile Include="Source Code\C_Billboard.cpp">
      <Filter>Source Code\GameObjects\Components</Filter>
    </ClCompile>
    <ClCompile Include="Source Code\R_ParticleSystem.cpp">
      <Filter>Source Code\Resources</Filter>
    </ClCompile>
    <ClCompile Include="Source Code\C_ParticleSystem.cpp">
      <Filter>Source Code\GameObjects\Components</Filter>
    </ClCompile>
    <ClCompile Include="Source Code\Particle.cpp">
      <Filter>Source Code\GameObjects\Particles</Filter>
    </ClCompile>
    <ClCompile Include="Source Code\ParticleModule.cpp">
      <Filter>Source Code\GameObjects\Particles</Filter>
    </ClCompile>
    <ClCompile Include="Source Code\Emitter.cpp">
      <Filter>Source Code\GameObjects\Particles</Filter>
    </ClCompile>
    <ClCompile Include="Source Code\EmitterInstance.cpp">
      <Filter>Source Code\GameObjects\Particles</Filter>
    </ClCompile>
    <ClCompile Include="Source Code\R_Shader.cpp">
      <Filter>Source Code\Resources</Filter>
    </ClCompile>
    <ClCompile Include="Source Code\C_Animator.cpp">
      <Filter>Source Code\GameObjects\Components</Filter>
    </ClCompile>
    <ClCompile Include="Source Code\R_AnimatorController.cpp">
      <Filter>Source Code\Resources</Filter>
    </ClCompile>
    <ClCompile Include="Source Code\I_Animations.cpp">
      <Filter>Source Code\Importers</Filter>
    </ClCompile>
    <ClCompile Include="Source Code\I_Materials.cpp">
      <Filter>Source Code\Importers</Filter>
    </ClCompile>
    <ClCompile Include="Source Code\I_Meshes.cpp">
      <Filter>Source Code\Importers</Filter>
    </ClCompile>
    <ClCompile Include="Source Code\I_ParticleSystems.cpp">
      <Filter>Source Code\Importers</Filter>
    </ClCompile>
    <ClCompile Include="Source Code\I_Shaders.cpp">
      <Filter>Source Code\Importers</Filter>
    </ClCompile>
    <ClCompile Include="Source Code\I_Scenes.cpp">
      <Filter>Source Code\Importers</Filter>
    </ClCompile>
    <ClCompile Include="Source Code\I_Folders.cpp">
      <Filter>Source Code\Importers</Filter>
    </ClCompile>
    <ClCompile Include="Source Code\Engine.cpp">
      <Filter>Source Code</Filter>
    </ClCompile>
    <ClCompile Include="Source Code\WDetails.cpp">
      <Filter>Source Code\Editor\Windows\Base</Filter>
    </ClCompile>
    <ClCompile Include="Source Code\WindowFrame.cpp">
      <Filter>Source Code\Editor\Windows\Base</Filter>
    </ClCompile>
    <ClCompile Include="Source Code\W_Console.cpp">
      <Filter>Source Code\Editor\Windows\Main</Filter>
    </ClCompile>
    <ClCompile Include="Source Code\W_EngineConfig.cpp">
      <Filter>Source Code\Editor\Windows\Main</Filter>
    </ClCompile>
    <ClCompile Include="Source Code\W_Explorer.cpp">
      <Filter>Source Code\Editor\Windows\Main</Filter>
    </ClCompile>
    <ClCompile Include="Source Code\W_Hierarchy.cpp">
      <Filter>Source Code\Editor\Windows\Main</Filter>
    </ClCompile>
    <ClCompile Include="Source Code\W_Inspector.cpp">
      <Filter>Source Code\Editor\Windows\Main</Filter>
    </ClCompile>
    <ClCompile Include="Source Code\W_Resources.cpp">
      <Filter>Source Code\Editor\Windows\Main</Filter>
    </ClCompile>
    <ClCompile Include="Source Code\Window.cpp">
      <Filter>Source Code\Editor\Windows\Base</Filter>
    </ClCompile>
    <ClCompile Include="Source Code\W_About.cpp">
      <Filter>Source Code\Editor\Windows\Main</Filter>
    </ClCompile>
    <ClCompile Include="Source Code\W_MainToolbar.cpp">
      <Filter>Source Code\Editor\Windows\Main</Filter>
    </ClCompile>
    <ClCompile Include="Source Code\WF_SceneEditor.cpp">
      <Filter>Source Code\Editor\Windows\Main</Filter>
    </ClCompile>
    <ClCompile Include="Source Code\WF_ParticleEditor.cpp">
      <Filter>Source Code\Editor\Windows\Particles</Filter>
    </ClCompile>
    <ClCompile Include="Source Code\W_Emitters.cpp">
      <Filter>Source Code\Editor\Windows\Particles</Filter>
    </ClCompile>
    <ClCompile Include="Source Code\W_ParticleDetails.cpp">
      <Filter>Source Code\Editor\Windows\Particles</Filter>
    </ClCompile>
    <ClCompile Include="Source Code\W_ParticleCurves.cpp">
      <Filter>Source Code\Editor\Windows\Particles</Filter>
    </ClCompile>
    <ClCompile Include="Source Code\W_ParticleToolbar.cpp">
      <Filter>Source Code\Editor\Windows\Particles</Filter>
    </ClCompile>
    <ClCompile Include="Source Code\W_ParticleViewport.cpp">
      <Filter>Source Code\Editor\Windows\Particles</Filter>
    </ClCompile>
    <ClCompile Include="Source Code\R_Model.cpp">
      <Filter>Source Code\Resources</Filter>
    </ClCompile>
    <ClCompile Include="Source Code\Resource.cpp">
      <Filter>Source Code\Resources\Base</Filter>
    </ClCompile>
    <ClCompile Include="Source Code\ResourceHandle.cpp">
      <Filter>Source Code\Resources\Base</Filter>
    </ClCompile>
    <ClCompile Include="Source Code\M_SceneManager.cpp">
      <Filter>Source Code\Modules</Filter>
    </ClCompile>
    <ClCompile Include="Source Code\R_Map.cpp">
      <Filter>Source Code\Resources</Filter>
    </ClCompile>
    <ClCompile Include="Source Code\Scene.cpp">
      <Filter>Source Code\GameObjects</Filter>
    </ClCompile>
    <ClCompile Include="Source Code\WViewport.cpp">
      <Filter>Source Code\Editor\Windows\Base</Filter>
    </ClCompile>
    <ClCompile Include="Source Code\W_MainViewport.cpp">
      <Filter>Source Code\Editor\Windows\Main</Filter>
    </ClCompile>
    <ClCompile Include="Source Code\ImGuiHelper.cpp">
      <Filter>Source Code\Editor</Filter>
    </ClCompile>
    <ClCompile Include="Source Code\External Libraries\glm\detail\glm.cpp">
      <Filter>External Libraries\glm</Filter>
    </ClCompile>
  </ItemGroup>
  <ItemGroup>
    <ClInclude Include="Source Code\External Libraries\MathGeoLib\src\Geometry\AABB.h">
      <Filter>External Libraries\MathGeoLib\Geometry</Filter>
    </ClInclude>
    <ClInclude Include="Source Code\External Libraries\MathGeoLib\src\Geometry\AABB2D.h">
      <Filter>External Libraries\MathGeoLib\Geometry</Filter>
    </ClInclude>
    <ClInclude Include="Source Code\External Libraries\MathGeoLib\src\Geometry\Capsule.h">
      <Filter>External Libraries\MathGeoLib\Geometry</Filter>
    </ClInclude>
    <ClInclude Include="Source Code\External Libraries\MathGeoLib\src\Geometry\Circle.h">
      <Filter>External Libraries\MathGeoLib\Geometry</Filter>
    </ClInclude>
    <ClInclude Include="Source Code\External Libraries\MathGeoLib\src\Geometry\Frustum.h">
      <Filter>External Libraries\MathGeoLib\Geometry</Filter>
    </ClInclude>
    <ClInclude Include="Source Code\External Libraries\MathGeoLib\src\Geometry\GeometryAll.h">
      <Filter>External Libraries\MathGeoLib\Geometry</Filter>
    </ClInclude>
    <ClInclude Include="Source Code\External Libraries\MathGeoLib\src\Geometry\GeomType.h">
      <Filter>External Libraries\MathGeoLib\Geometry</Filter>
    </ClInclude>
    <ClInclude Include="Source Code\External Libraries\MathGeoLib\src\Geometry\HitInfo.h">
      <Filter>External Libraries\MathGeoLib\Geometry</Filter>
    </ClInclude>
    <ClInclude Include="Source Code\External Libraries\MathGeoLib\src\Geometry\KDTree.h">
      <Filter>External Libraries\MathGeoLib\Geometry</Filter>
    </ClInclude>
    <ClInclude Include="Source Code\External Libraries\MathGeoLib\src\Geometry\Line.h">
      <Filter>External Libraries\MathGeoLib\Geometry</Filter>
    </ClInclude>
    <ClInclude Include="Source Code\External Libraries\MathGeoLib\src\Geometry\LineSegment.h">
      <Filter>External Libraries\MathGeoLib\Geometry</Filter>
    </ClInclude>
    <ClInclude Include="Source Code\External Libraries\MathGeoLib\src\Geometry\OBB.h">
      <Filter>External Libraries\MathGeoLib\Geometry</Filter>
    </ClInclude>
    <ClInclude Include="Source Code\External Libraries\MathGeoLib\src\Geometry\PBVolume.h">
      <Filter>External Libraries\MathGeoLib\Geometry</Filter>
    </ClInclude>
    <ClInclude Include="Source Code\External Libraries\MathGeoLib\src\Geometry\Plane.h">
      <Filter>External Libraries\MathGeoLib\Geometry</Filter>
    </ClInclude>
    <ClInclude Include="Source Code\External Libraries\MathGeoLib\src\Geometry\Polygon.h">
      <Filter>External Libraries\MathGeoLib\Geometry</Filter>
    </ClInclude>
    <ClInclude Include="Source Code\External Libraries\MathGeoLib\src\Geometry\Polyhedron.h">
      <Filter>External Libraries\MathGeoLib\Geometry</Filter>
    </ClInclude>
    <ClInclude Include="Source Code\External Libraries\MathGeoLib\src\Geometry\QuadTree.h">
      <Filter>External Libraries\MathGeoLib\Geometry</Filter>
    </ClInclude>
    <ClInclude Include="Source Code\External Libraries\MathGeoLib\src\Geometry\Ray.h">
      <Filter>External Libraries\MathGeoLib\Geometry</Filter>
    </ClInclude>
    <ClInclude Include="Source Code\External Libraries\MathGeoLib\src\Geometry\Sphere.h">
      <Filter>External Libraries\MathGeoLib\Geometry</Filter>
    </ClInclude>
    <ClInclude Include="Source Code\External Libraries\MathGeoLib\src\Geometry\Triangle.h">
      <Filter>External Libraries\MathGeoLib\Geometry</Filter>
    </ClInclude>
    <ClInclude Include="Source Code\External Libraries\MathGeoLib\src\Geometry\TriangleMesh.h">
      <Filter>External Libraries\MathGeoLib\Geometry</Filter>
    </ClInclude>
    <ClInclude Include="Source Code\External Libraries\MathGeoLib\src\Math\TransformOps.h">
      <Filter>External Libraries\MathGeoLib\Math</Filter>
    </ClInclude>
    <ClInclude Include="Source Code\External Libraries\MathGeoLib\src\Math\assume.h">
      <Filter>External Libraries\MathGeoLib\Math</Filter>
    </ClInclude>
    <ClInclude Include="Source Code\External Libraries\MathGeoLib\src\Math\BitOps.h">
      <Filter>External Libraries\MathGeoLib\Math</Filter>
    </ClInclude>
    <ClInclude Include="Source Code\External Libraries\MathGeoLib\src\Math\Callstack.h">
      <Filter>External Libraries\MathGeoLib\Math</Filter>
    </ClInclude>
    <ClInclude Include="Source Code\External Libraries\MathGeoLib\src\Math\FixedPoint.h">
      <Filter>External Libraries\MathGeoLib\Math</Filter>
    </ClInclude>
    <ClInclude Include="Source Code\External Libraries\MathGeoLib\src\Math\float2.h">
      <Filter>External Libraries\MathGeoLib\Math</Filter>
    </ClInclude>
    <ClInclude Include="Source Code\External Libraries\MathGeoLib\src\Math\float3.h">
      <Filter>External Libraries\MathGeoLib\Math</Filter>
    </ClInclude>
    <ClInclude Include="Source Code\External Libraries\MathGeoLib\src\Math\float3x3.h">
      <Filter>External Libraries\MathGeoLib\Math</Filter>
    </ClInclude>
    <ClInclude Include="Source Code\External Libraries\MathGeoLib\src\Math\float3x4.h">
      <Filter>External Libraries\MathGeoLib\Math</Filter>
    </ClInclude>
    <ClInclude Include="Source Code\External Libraries\MathGeoLib\src\Math\float4.h">
      <Filter>External Libraries\MathGeoLib\Math</Filter>
    </ClInclude>
    <ClInclude Include="Source Code\External Libraries\MathGeoLib\src\Math\float4_neon.h">
      <Filter>External Libraries\MathGeoLib\Math</Filter>
    </ClInclude>
    <ClInclude Include="Source Code\External Libraries\MathGeoLib\src\Math\float4_sse.h">
      <Filter>External Libraries\MathGeoLib\Math</Filter>
    </ClInclude>
    <ClInclude Include="Source Code\External Libraries\MathGeoLib\src\Math\float4d.h">
      <Filter>External Libraries\MathGeoLib\Math</Filter>
    </ClInclude>
    <ClInclude Include="Source Code\External Libraries\MathGeoLib\src\Math\float4x4.h">
      <Filter>External Libraries\MathGeoLib\Math</Filter>
    </ClInclude>
    <ClInclude Include="Source Code\External Libraries\MathGeoLib\src\Math\float4x4_neon.h">
      <Filter>External Libraries\MathGeoLib\Math</Filter>
    </ClInclude>
    <ClInclude Include="Source Code\External Libraries\MathGeoLib\src\Math\float4x4_sse.h">
      <Filter>External Libraries\MathGeoLib\Math</Filter>
    </ClInclude>
    <ClInclude Include="Source Code\External Libraries\MathGeoLib\src\Math\FloatCmp.h">
      <Filter>External Libraries\MathGeoLib\Math</Filter>
    </ClInclude>
    <ClInclude Include="Source Code\External Libraries\MathGeoLib\src\Math\grisu3.h">
      <Filter>External Libraries\MathGeoLib\Math</Filter>
    </ClInclude>
    <ClInclude Include="Source Code\External Libraries\MathGeoLib\src\Math\InclWindows.h">
      <Filter>External Libraries\MathGeoLib\Math</Filter>
    </ClInclude>
    <ClInclude Include="Source Code\External Libraries\MathGeoLib\src\Math\MathAll.h">
      <Filter>External Libraries\MathGeoLib\Math</Filter>
    </ClInclude>
    <ClInclude Include="Source Code\External Libraries\MathGeoLib\src\Math\MathConstants.h">
      <Filter>External Libraries\MathGeoLib\Math</Filter>
    </ClInclude>
    <ClInclude Include="Source Code\External Libraries\MathGeoLib\src\Math\MathFunc.h">
      <Filter>External Libraries\MathGeoLib\Math</Filter>
    </ClInclude>
    <ClInclude Include="Source Code\External Libraries\MathGeoLib\src\Math\MathLog.h">
      <Filter>External Libraries\MathGeoLib\Math</Filter>
    </ClInclude>
    <ClInclude Include="Source Code\External Libraries\MathGeoLib\src\Math\MathNamespace.h">
      <Filter>External Libraries\MathGeoLib\Math</Filter>
    </ClInclude>
    <ClInclude Include="Source Code\External Libraries\MathGeoLib\src\Math\MathTypes.h">
      <Filter>External Libraries\MathGeoLib\Math</Filter>
    </ClInclude>
    <ClInclude Include="Source Code\External Libraries\MathGeoLib\src\Math\MatrixProxy.h">
      <Filter>External Libraries\MathGeoLib\Math</Filter>
    </ClInclude>
    <ClInclude Include="Source Code\External Libraries\MathGeoLib\src\Math\myassert.h">
      <Filter>External Libraries\MathGeoLib\Math</Filter>
    </ClInclude>
    <ClInclude Include="Source Code\External Libraries\MathGeoLib\src\Math\Polynomial.h">
      <Filter>External Libraries\MathGeoLib\Math</Filter>
    </ClInclude>
    <ClInclude Include="Source Code\External Libraries\MathGeoLib\src\Math\Quat.h">
      <Filter>External Libraries\MathGeoLib\Math</Filter>
    </ClInclude>
    <ClInclude Include="Source Code\External Libraries\MathGeoLib\src\Math\quat_simd.h">
      <Filter>External Libraries\MathGeoLib\Math</Filter>
    </ClInclude>
    <ClInclude Include="Source Code\External Libraries\MathGeoLib\src\Math\Rect.h">
      <Filter>External Libraries\MathGeoLib\Math</Filter>
    </ClInclude>
    <ClInclude Include="Source Code\External Libraries\MathGeoLib\src\Math\Reinterpret.h">
      <Filter>External Libraries\MathGeoLib\Math</Filter>
    </ClInclude>
    <ClInclude Include="Source Code\External Libraries\MathGeoLib\src\Math\simd.h">
      <Filter>External Libraries\MathGeoLib\Math</Filter>
    </ClInclude>
    <ClInclude Include="Source Code\External Libraries\MathGeoLib\src\Math\sse_mathfun.h">
      <Filter>External Libraries\MathGeoLib\Math</Filter>
    </ClInclude>
    <ClInclude Include="Source Code\External Libraries\MathGeoLib\src\Math\SSEMath.h">
      <Filter>External Libraries\MathGeoLib\Math</Filter>
    </ClInclude>
    <ClInclude Include="Source Code\External Libraries\MathGeoLib\src\Algorithm\GJK.h">
      <Filter>External Libraries\MathGeoLib\Algorithm</Filter>
    </ClInclude>
    <ClInclude Include="Source Code\External Libraries\MathGeoLib\src\Algorithm\SAT.h">
      <Filter>External Libraries\MathGeoLib\Algorithm</Filter>
    </ClInclude>
    <ClInclude Include="Source Code\External Libraries\MathGeoLib\src\Algorithm\Random\LCG.h">
      <Filter>External Libraries\MathGeoLib\Algorithm</Filter>
    </ClInclude>
    <ClInclude Include="Source Code\External Libraries\MathGeoLib\src\Time\Clock.h">
      <Filter>External Libraries\MathGeoLib\Time</Filter>
    </ClInclude>
    <ClInclude Include="Source Code\Timer.h">
      <Filter>Source Code\Tools</Filter>
    </ClInclude>
    <ClInclude Include="Source Code\Module.h">
      <Filter>Source Code\Modules</Filter>
    </ClInclude>
    <ClInclude Include="Source Code\Light.h">
      <Filter>Source Code\GameObjects\Helpers</Filter>
    </ClInclude>
    <ClInclude Include="Source Code\Color.h">
      <Filter>Source Code\Containers</Filter>
    </ClInclude>
    <ClInclude Include="Source Code\Globals.h">
      <Filter>Source Code</Filter>
    </ClInclude>
    <ClInclude Include="Source Code\PerfTimer.h">
      <Filter>Source Code\Tools</Filter>
    </ClInclude>
    <ClInclude Include="Source Code\OpenGL.h">
      <Filter>Source Code\Tools</Filter>
    </ClInclude>
    <ClInclude Include="Source Code\GameObject.h">
      <Filter>Source Code\GameObjects</Filter>
    </ClInclude>
    <ClInclude Include="Source Code\External Libraries\Devil\include\config.h">
      <Filter>External Libraries\Devil</Filter>
    </ClInclude>
    <ClInclude Include="Source Code\External Libraries\Devil\include\devil_internal_exports.h">
      <Filter>External Libraries\Devil</Filter>
    </ClInclude>
    <ClInclude Include="Source Code\External Libraries\Devil\include\il.h">
      <Filter>External Libraries\Devil</Filter>
    </ClInclude>
    <ClInclude Include="Source Code\External Libraries\Devil\include\il_wrap.h">
      <Filter>External Libraries\Devil</Filter>
    </ClInclude>
    <ClInclude Include="Source Code\External Libraries\Devil\include\ilu.h">
      <Filter>External Libraries\Devil</Filter>
    </ClInclude>
    <ClInclude Include="Source Code\External Libraries\Devil\include\ilu_region.h">
      <Filter>External Libraries\Devil</Filter>
    </ClInclude>
    <ClInclude Include="Source Code\External Libraries\Devil\include\ilut.h">
      <Filter>External Libraries\Devil</Filter>
    </ClInclude>
    <ClInclude Include="Source Code\External Libraries\Devil\include\ilut_config.h">
      <Filter>External Libraries\Devil</Filter>
    </ClInclude>
    <ClInclude Include="Source Code\Component.h">
      <Filter>Source Code\GameObjects\Components</Filter>
    </ClInclude>
    <ClInclude Include="Source Code\C_Mesh.h">
      <Filter>Source Code\GameObjects\Components</Filter>
    </ClInclude>
    <ClInclude Include="Source Code\C_Material.h">
      <Filter>Source Code\GameObjects\Components</Filter>
    </ClInclude>
    <ClInclude Include="Source Code\C_Camera.h">
      <Filter>Source Code\GameObjects\Components</Filter>
    </ClInclude>
    <ClInclude Include="Source Code\C_Transform.h">
      <Filter>Source Code\GameObjects\Components</Filter>
    </ClInclude>
    <ClInclude Include="Source Code\Gizmos.h">
      <Filter>Source Code\GameObjects\Helpers</Filter>
    </ClInclude>
    <ClInclude Include="Source Code\Intersections.h">
      <Filter>Source Code\GameObjects\Helpers</Filter>
    </ClInclude>
    <ClInclude Include="Source Code\External Libraries\parson\parson.h">
      <Filter>External Libraries\parson</Filter>
    </ClInclude>
    <ClInclude Include="Source Code\Config.h">
      <Filter>Source Code\Containers</Filter>
    </ClInclude>
    <ClInclude Include="Source Code\Quadtree.h">
      <Filter>Source Code\Containers</Filter>
    </ClInclude>
    <ClInclude Include="Source Code\M_Editor.h">
      <Filter>Source Code\Modules</Filter>
    </ClInclude>
    <ClInclude Include="Source Code\M_FileSystem.h">
      <Filter>Source Code\Modules</Filter>
    </ClInclude>
    <ClInclude Include="Source Code\M_Input.h">
      <Filter>Source Code\Modules</Filter>
    </ClInclude>
    <ClInclude Include="Source Code\M_Renderer3D.h">
      <Filter>Source Code\Modules</Filter>
    </ClInclude>
    <ClInclude Include="Source Code\M_Window.h">
      <Filter>Source Code\Modules</Filter>
    </ClInclude>
    <ClInclude Include="Source Code\R_Mesh.h">
      <Filter>Source Code\Resources</Filter>
    </ClInclude>
    <ClInclude Include="Source Code\R_Texture.h">
      <Filter>Source Code\Resources</Filter>
    </ClInclude>
    <ClInclude Include="Source Code\R_Material.h">
      <Filter>Source Code\Resources</Filter>
    </ClInclude>
    <ClInclude Include="Source Code\Time.h">
      <Filter>Source Code\Tools</Filter>
    </ClInclude>
    <ClInclude Include="Source Code\M_Resources.h">
      <Filter>Source Code\Modules</Filter>
    </ClInclude>
    <ClInclude Include="Source Code\PathNode.h">
      <Filter>Source Code\Containers</Filter>
    </ClInclude>
    <ClInclude Include="Source Code\R_Animation.h">
      <Filter>Source Code\Resources</Filter>
    </ClInclude>
    <ClInclude Include="Source Code\TreeNode.h">
      <Filter>Source Code\Editor</Filter>
    </ClInclude>
    <ClInclude Include="Source Code\R_Folder.h">
      <Filter>Source Code\Resources</Filter>
    </ClInclude>
    <ClInclude Include="Source Code\TreeDisplay.h">
      <Filter>Source Code\Editor</Filter>
    </ClInclude>
    <ClInclude Include="Source Code\Vec2.h">
      <Filter>Source Code\Math</Filter>
    </ClInclude>
    <ClInclude Include="Source Code\External Libraries\ImGuizmo\ImGuizmo.h">
      <Filter>External Libraries\ImGuizmo</Filter>
    </ClInclude>
    <ClInclude Include="resource1.h" />
    <ClInclude Include="Source Code\External Libraries\ImGui\imconfig.h">
      <Filter>External Libraries\ImGui</Filter>
    </ClInclude>
    <ClInclude Include="Source Code\External Libraries\ImGui\imgui.h">
      <Filter>External Libraries\ImGui</Filter>
    </ClInclude>
    <ClInclude Include="Source Code\External Libraries\ImGui\imgui_internal.h">
      <Filter>External Libraries\ImGui</Filter>
    </ClInclude>
    <ClInclude Include="Source Code\External Libraries\ImGui\imstb_rectpack.h">
      <Filter>External Libraries\ImGui</Filter>
    </ClInclude>
    <ClInclude Include="Source Code\External Libraries\ImGui\imstb_textedit.h">
      <Filter>External Libraries\ImGui</Filter>
    </ClInclude>
    <ClInclude Include="Source Code\External Libraries\ImGui\imstb_truetype.h">
      <Filter>External Libraries\ImGui</Filter>
    </ClInclude>
    <ClInclude Include="Source Code\External Libraries\ImGui\imgui_impl_sdl.h">
      <Filter>External Libraries\ImGui</Filter>
    </ClInclude>
    <ClInclude Include="Source Code\External Libraries\ImGui\imgui_impl_opengl3.h">
      <Filter>External Libraries\ImGui</Filter>
    </ClInclude>
    <ClInclude Include="Source Code\C_Billboard.h">
      <Filter>Source Code\GameObjects\Components</Filter>
    </ClInclude>
    <ClInclude Include="Source Code\R_ParticleSystem.h">
      <Filter>Source Code\Resources</Filter>
    </ClInclude>
    <ClInclude Include="Source Code\C_ParticleSystem.h">
      <Filter>Source Code\GameObjects\Components</Filter>
    </ClInclude>
    <ClInclude Include="Source Code\Particle.h">
      <Filter>Source Code\GameObjects\Particles</Filter>
    </ClInclude>
    <ClInclude Include="Source Code\ParticleModule.h">
      <Filter>Source Code\GameObjects\Particles</Filter>
    </ClInclude>
    <ClInclude Include="Source Code\Emitter.h">
      <Filter>Source Code\GameObjects\Particles</Filter>
    </ClInclude>
    <ClInclude Include="Source Code\EmitterInstance.h">
      <Filter>Source Code\GameObjects\Particles</Filter>
    </ClInclude>
    <ClInclude Include="Source Code\R_Shader.h">
      <Filter>Source Code\Resources</Filter>
    </ClInclude>
    <ClInclude Include="Source Code\C_Animator.h">
      <Filter>Source Code\GameObjects\Components</Filter>
    </ClInclude>
    <ClInclude Include="Source Code\R_AnimatorController.h">
      <Filter>Source Code\Resources</Filter>
    </ClInclude>
    <ClInclude Include="Source Code\I_Animations.h">
      <Filter>Source Code\Importers</Filter>
    </ClInclude>
    <ClInclude Include="Source Code\I_Materials.h">
      <Filter>Source Code\Importers</Filter>
    </ClInclude>
    <ClInclude Include="Source Code\I_Meshes.h">
      <Filter>Source Code\Importers</Filter>
    </ClInclude>
    <ClInclude Include="Source Code\I_ParticleSystems.h">
      <Filter>Source Code\Importers</Filter>
    </ClInclude>
    <ClInclude Include="Source Code\I_Shaders.h">
      <Filter>Source Code\Importers</Filter>
    </ClInclude>
    <ClInclude Include="Source Code\I_Scenes.h">
      <Filter>Source Code\Importers</Filter>
    </ClInclude>
    <ClInclude Include="Source Code\I_Folders.h">
      <Filter>Source Code\Importers</Filter>
    </ClInclude>
    <ClInclude Include="Source Code\Engine.h">
      <Filter>Source Code</Filter>
    </ClInclude>
    <ClInclude Include="Source Code\WDetails.h">
      <Filter>Source Code\Editor\Windows\Base</Filter>
    </ClInclude>
    <ClInclude Include="Source Code\WindowFrame.h">
      <Filter>Source Code\Editor\Windows\Base</Filter>
    </ClInclude>
    <ClInclude Include="Source Code\W_Console.h">
      <Filter>Source Code\Editor\Windows\Main</Filter>
    </ClInclude>
    <ClInclude Include="Source Code\W_EngineConfig.h">
      <Filter>Source Code\Editor\Windows\Main</Filter>
    </ClInclude>
    <ClInclude Include="Source Code\W_Explorer.h">
      <Filter>Source Code\Editor\Windows\Main</Filter>
    </ClInclude>
    <ClInclude Include="Source Code\W_Hierarchy.h">
      <Filter>Source Code\Editor\Windows\Main</Filter>
    </ClInclude>
    <ClInclude Include="Source Code\W_Inspector.h">
      <Filter>Source Code\Editor\Windows\Main</Filter>
    </ClInclude>
    <ClInclude Include="Source Code\W_Resources.h">
      <Filter>Source Code\Editor\Windows\Main</Filter>
    </ClInclude>
    <ClInclude Include="Source Code\W_About.h">
      <Filter>Source Code\Editor\Windows\Main</Filter>
    </ClInclude>
    <ClInclude Include="Source Code\Window.h">
      <Filter>Source Code\Editor\Windows\Base</Filter>
    </ClInclude>
    <ClInclude Include="Source Code\W_MainToolbar.h">
      <Filter>Source Code\Editor\Windows\Main</Filter>
    </ClInclude>
    <ClInclude Include="Source Code\WF_SceneEditor.h">
      <Filter>Source Code\Editor\Windows\Main</Filter>
    </ClInclude>
    <ClInclude Include="Source Code\WF_ParticleEditor.h">
      <Filter>Source Code\Editor\Windows\Particles</Filter>
    </ClInclude>
    <ClInclude Include="Source Code\W_Emitters.h">
      <Filter>Source Code\Editor\Windows\Particles</Filter>
    </ClInclude>
    <ClInclude Include="Source Code\W_ParticleDetails.h">
      <Filter>Source Code\Editor\Windows\Particles</Filter>
    </ClInclude>
    <ClInclude Include="Source Code\W_ParticleCurves.h">
      <Filter>Source Code\Editor\Windows\Particles</Filter>
    </ClInclude>
    <ClInclude Include="Source Code\W_ParticleToolbar.h">
      <Filter>Source Code\Editor\Windows\Particles</Filter>
    </ClInclude>
    <ClInclude Include="Source Code\W_ParticleViewport.h">
      <Filter>Source Code\Editor\Windows\Particles</Filter>
    </ClInclude>
    <ClInclude Include="Source Code\R_Model.h">
      <Filter>Source Code\Resources</Filter>
    </ClInclude>
    <ClInclude Include="Source Code\Resource.h">
      <Filter>Source Code\Resources\Base</Filter>
    </ClInclude>
    <ClInclude Include="Source Code\ResourceBase.h">
      <Filter>Source Code\Resources\Base</Filter>
    </ClInclude>
    <ClInclude Include="Source Code\ResourceHandle.h">
      <Filter>Source Code\Resources\Base</Filter>
    </ClInclude>
    <ClInclude Include="Source Code\M_SceneManager.h">
      <Filter>Source Code\Modules</Filter>
    </ClInclude>
    <ClInclude Include="Source Code\External Libraries\MathGeoLib\src\MathBuildConfig.h">
      <Filter>External Libraries\MathGeoLib</Filter>
    </ClInclude>
    <ClInclude Include="Source Code\External Libraries\MathGeoLib\src\MathGeoLib.h">
      <Filter>External Libraries\MathGeoLib</Filter>
    </ClInclude>
    <ClInclude Include="Source Code\External Libraries\MathGeoLib\src\MathGeoLibFwd.h">
      <Filter>External Libraries\MathGeoLib</Filter>
    </ClInclude>
    <ClInclude Include="Source Code\R_Map.h">
      <Filter>Source Code\Resources</Filter>
    </ClInclude>
    <ClInclude Include="Source Code\Scene.h">
      <Filter>Source Code\GameObjects</Filter>
    </ClInclude>
    <ClInclude Include="Source Code\WViewport.h">
      <Filter>Source Code\Editor\Windows\Base</Filter>
    </ClInclude>
    <ClInclude Include="Source Code\ERenderingFlagsh.h">
      <Filter>Source Code\Tools</Filter>
    </ClInclude>
    <ClInclude Include="Source Code\W_MainViewport.h">
      <Filter>Source Code\Editor\Windows\Main</Filter>
    </ClInclude>
    <ClInclude Include="Source Code\ImGuiHelper.h">
      <Filter>Source Code\Editor</Filter>
    </ClInclude>
    <ClInclude Include="Source Code\External Libraries\glm\detail\compute_common.hpp">
      <Filter>External Libraries\glm</Filter>
    </ClInclude>
    <ClInclude Include="Source Code\External Libraries\glm\detail\compute_vector_relational.hpp">
      <Filter>External Libraries\glm</Filter>
    </ClInclude>
    <ClInclude Include="Source Code\External Libraries\glm\detail\qualifier.hpp">
      <Filter>External Libraries\glm</Filter>
    </ClInclude>
    <ClInclude Include="Source Code\External Libraries\glm\detail\setup.hpp">
      <Filter>External Libraries\glm</Filter>
    </ClInclude>
    <ClInclude Include="Source Code\External Libraries\glm\detail\type_float.hpp">
      <Filter>External Libraries\glm</Filter>
    </ClInclude>
    <ClInclude Include="Source Code\External Libraries\glm\detail\type_half.hpp">
      <Filter>External Libraries\glm</Filter>
    </ClInclude>
    <ClInclude Include="Source Code\External Libraries\glm\detail\type_mat2x2.hpp">
      <Filter>External Libraries\glm</Filter>
    </ClInclude>
    <ClInclude Include="Source Code\External Libraries\glm\detail\type_mat2x3.hpp">
      <Filter>External Libraries\glm</Filter>
    </ClInclude>
    <ClInclude Include="Source Code\External Libraries\glm\detail\type_mat2x4.hpp">
      <Filter>External Libraries\glm</Filter>
    </ClInclude>
    <ClInclude Include="Source Code\External Libraries\glm\detail\type_mat3x2.hpp">
      <Filter>External Libraries\glm</Filter>
    </ClInclude>
    <ClInclude Include="Source Code\External Libraries\glm\detail\type_mat3x3.hpp">
      <Filter>External Libraries\glm</Filter>
    </ClInclude>
    <ClInclude Include="Source Code\External Libraries\glm\detail\type_mat3x4.hpp">
      <Filter>External Libraries\glm</Filter>
    </ClInclude>
    <ClInclude Include="Source Code\External Libraries\glm\detail\type_mat4x2.hpp">
      <Filter>External Libraries\glm</Filter>
    </ClInclude>
    <ClInclude Include="Source Code\External Libraries\glm\detail\type_mat4x3.hpp">
      <Filter>External Libraries\glm</Filter>
    </ClInclude>
    <ClInclude Include="Source Code\External Libraries\glm\detail\type_mat4x4.hpp">
      <Filter>External Libraries\glm</Filter>
    </ClInclude>
    <ClInclude Include="Source Code\External Libraries\glm\detail\type_quat.hpp">
      <Filter>External Libraries\glm</Filter>
    </ClInclude>
    <ClInclude Include="Source Code\External Libraries\glm\detail\type_vec1.hpp">
      <Filter>External Libraries\glm</Filter>
    </ClInclude>
    <ClInclude Include="Source Code\External Libraries\glm\detail\type_vec2.hpp">
      <Filter>External Libraries\glm</Filter>
    </ClInclude>
    <ClInclude Include="Source Code\External Libraries\glm\detail\type_vec3.hpp">
      <Filter>External Libraries\glm</Filter>
    </ClInclude>
    <ClInclude Include="Source Code\External Libraries\glm\detail\type_vec4.hpp">
      <Filter>External Libraries\glm</Filter>
    </ClInclude>
    <ClInclude Include="Source Code\External Libraries\glm\detail\_features.hpp">
      <Filter>External Libraries\glm</Filter>
    </ClInclude>
    <ClInclude Include="Source Code\External Libraries\glm\detail\_fixes.hpp">
      <Filter>External Libraries\glm</Filter>
    </ClInclude>
    <ClInclude Include="Source Code\External Libraries\glm\detail\_noise.hpp">
      <Filter>External Libraries\glm</Filter>
    </ClInclude>
    <ClInclude Include="Source Code\External Libraries\glm\detail\_swizzle.hpp">
      <Filter>External Libraries\glm</Filter>
    </ClInclude>
    <ClInclude Include="Source Code\External Libraries\glm\detail\_swizzle_func.hpp">
      <Filter>External Libraries\glm</Filter>
    </ClInclude>
    <ClInclude Include="Source Code\External Libraries\glm\detail\_vectorize.hpp">
      <Filter>External Libraries\glm</Filter>
    </ClInclude>
    <ClInclude Include="Source Code\External Libraries\glm\ext\matrix_clip_space.hpp">
      <Filter>External Libraries\glm</Filter>
    </ClInclude>
    <ClInclude Include="Source Code\External Libraries\glm\ext\matrix_common.hpp">
      <Filter>External Libraries\glm</Filter>
    </ClInclude>
    <ClInclude Include="Source Code\External Libraries\glm\ext\matrix_double2x2.hpp">
      <Filter>External Libraries\glm</Filter>
    </ClInclude>
    <ClInclude Include="Source Code\External Libraries\glm\ext\matrix_double2x2_precision.hpp">
      <Filter>External Libraries\glm</Filter>
    </ClInclude>
    <ClInclude Include="Source Code\External Libraries\glm\ext\matrix_double2x3.hpp">
      <Filter>External Libraries\glm</Filter>
    </ClInclude>
    <ClInclude Include="Source Code\External Libraries\glm\ext\matrix_double2x3_precision.hpp">
      <Filter>External Libraries\glm</Filter>
    </ClInclude>
    <ClInclude Include="Source Code\External Libraries\glm\ext\matrix_double2x4.hpp">
      <Filter>External Libraries\glm</Filter>
    </ClInclude>
    <ClInclude Include="Source Code\External Libraries\glm\ext\matrix_double2x4_precision.hpp">
      <Filter>External Libraries\glm</Filter>
    </ClInclude>
    <ClInclude Include="Source Code\External Libraries\glm\ext\matrix_double3x2.hpp">
      <Filter>External Libraries\glm</Filter>
    </ClInclude>
    <ClInclude Include="Source Code\External Libraries\glm\ext\matrix_double3x2_precision.hpp">
      <Filter>External Libraries\glm</Filter>
    </ClInclude>
    <ClInclude Include="Source Code\External Libraries\glm\ext\matrix_double3x3.hpp">
      <Filter>External Libraries\glm</Filter>
    </ClInclude>
    <ClInclude Include="Source Code\External Libraries\glm\ext\matrix_double3x3_precision.hpp">
      <Filter>External Libraries\glm</Filter>
    </ClInclude>
    <ClInclude Include="Source Code\External Libraries\glm\ext\matrix_double3x4.hpp">
      <Filter>External Libraries\glm</Filter>
    </ClInclude>
    <ClInclude Include="Source Code\External Libraries\glm\ext\matrix_double3x4_precision.hpp">
      <Filter>External Libraries\glm</Filter>
    </ClInclude>
    <ClInclude Include="Source Code\External Libraries\glm\ext\matrix_double4x2.hpp">
      <Filter>External Libraries\glm</Filter>
    </ClInclude>
    <ClInclude Include="Source Code\External Libraries\glm\ext\matrix_double4x2_precision.hpp">
      <Filter>External Libraries\glm</Filter>
    </ClInclude>
    <ClInclude Include="Source Code\External Libraries\glm\ext\matrix_double4x3.hpp">
      <Filter>External Libraries\glm</Filter>
    </ClInclude>
    <ClInclude Include="Source Code\External Libraries\glm\ext\matrix_double4x3_precision.hpp">
      <Filter>External Libraries\glm</Filter>
    </ClInclude>
    <ClInclude Include="Source Code\External Libraries\glm\ext\matrix_double4x4.hpp">
      <Filter>External Libraries\glm</Filter>
    </ClInclude>
    <ClInclude Include="Source Code\External Libraries\glm\ext\matrix_double4x4_precision.hpp">
      <Filter>External Libraries\glm</Filter>
    </ClInclude>
    <ClInclude Include="Source Code\External Libraries\glm\ext\matrix_float2x2.hpp">
      <Filter>External Libraries\glm</Filter>
    </ClInclude>
    <ClInclude Include="Source Code\External Libraries\glm\ext\matrix_float2x2_precision.hpp">
      <Filter>External Libraries\glm</Filter>
    </ClInclude>
    <ClInclude Include="Source Code\External Libraries\glm\ext\matrix_float2x3.hpp">
      <Filter>External Libraries\glm</Filter>
    </ClInclude>
    <ClInclude Include="Source Code\External Libraries\glm\ext\matrix_float2x3_precision.hpp">
      <Filter>External Libraries\glm</Filter>
    </ClInclude>
    <ClInclude Include="Source Code\External Libraries\glm\ext\matrix_float2x4.hpp">
      <Filter>External Libraries\glm</Filter>
    </ClInclude>
    <ClInclude Include="Source Code\External Libraries\glm\ext\matrix_float2x4_precision.hpp">
      <Filter>External Libraries\glm</Filter>
    </ClInclude>
    <ClInclude Include="Source Code\External Libraries\glm\ext\matrix_float3x2.hpp">
      <Filter>External Libraries\glm</Filter>
    </ClInclude>
    <ClInclude Include="Source Code\External Libraries\glm\ext\matrix_float3x2_precision.hpp">
      <Filter>External Libraries\glm</Filter>
    </ClInclude>
    <ClInclude Include="Source Code\External Libraries\glm\ext\matrix_float3x3.hpp">
      <Filter>External Libraries\glm</Filter>
    </ClInclude>
    <ClInclude Include="Source Code\External Libraries\glm\ext\matrix_float3x3_precision.hpp">
      <Filter>External Libraries\glm</Filter>
    </ClInclude>
    <ClInclude Include="Source Code\External Libraries\glm\ext\matrix_float3x4.hpp">
      <Filter>External Libraries\glm</Filter>
    </ClInclude>
    <ClInclude Include="Source Code\External Libraries\glm\ext\matrix_float3x4_precision.hpp">
      <Filter>External Libraries\glm</Filter>
    </ClInclude>
    <ClInclude Include="Source Code\External Libraries\glm\ext\matrix_float4x2.hpp">
      <Filter>External Libraries\glm</Filter>
    </ClInclude>
    <ClInclude Include="Source Code\External Libraries\glm\ext\matrix_float4x2_precision.hpp">
      <Filter>External Libraries\glm</Filter>
    </ClInclude>
    <ClInclude Include="Source Code\External Libraries\glm\ext\matrix_float4x3.hpp">
      <Filter>External Libraries\glm</Filter>
    </ClInclude>
    <ClInclude Include="Source Code\External Libraries\glm\ext\matrix_float4x3_precision.hpp">
      <Filter>External Libraries\glm</Filter>
    </ClInclude>
    <ClInclude Include="Source Code\External Libraries\glm\ext\matrix_float4x4.hpp">
      <Filter>External Libraries\glm</Filter>
    </ClInclude>
    <ClInclude Include="Source Code\External Libraries\glm\ext\matrix_float4x4_precision.hpp">
      <Filter>External Libraries\glm</Filter>
    </ClInclude>
    <ClInclude Include="Source Code\External Libraries\glm\ext\matrix_projection.hpp">
      <Filter>External Libraries\glm</Filter>
    </ClInclude>
    <ClInclude Include="Source Code\External Libraries\glm\ext\matrix_relational.hpp">
      <Filter>External Libraries\glm</Filter>
    </ClInclude>
    <ClInclude Include="Source Code\External Libraries\glm\ext\matrix_transform.hpp">
      <Filter>External Libraries\glm</Filter>
    </ClInclude>
    <ClInclude Include="Source Code\External Libraries\glm\ext\quaternion_common.hpp">
      <Filter>External Libraries\glm</Filter>
    </ClInclude>
    <ClInclude Include="Source Code\External Libraries\glm\ext\quaternion_double.hpp">
      <Filter>External Libraries\glm</Filter>
    </ClInclude>
    <ClInclude Include="Source Code\External Libraries\glm\ext\quaternion_double_precision.hpp">
      <Filter>External Libraries\glm</Filter>
    </ClInclude>
    <ClInclude Include="Source Code\External Libraries\glm\ext\quaternion_exponential.hpp">
      <Filter>External Libraries\glm</Filter>
    </ClInclude>
    <ClInclude Include="Source Code\External Libraries\glm\ext\quaternion_float.hpp">
      <Filter>External Libraries\glm</Filter>
    </ClInclude>
    <ClInclude Include="Source Code\External Libraries\glm\ext\quaternion_float_precision.hpp">
      <Filter>External Libraries\glm</Filter>
    </ClInclude>
    <ClInclude Include="Source Code\External Libraries\glm\ext\quaternion_geometric.hpp">
      <Filter>External Libraries\glm</Filter>
    </ClInclude>
    <ClInclude Include="Source Code\External Libraries\glm\ext\quaternion_relational.hpp">
      <Filter>External Libraries\glm</Filter>
    </ClInclude>
    <ClInclude Include="Source Code\External Libraries\glm\ext\quaternion_transform.hpp">
      <Filter>External Libraries\glm</Filter>
    </ClInclude>
    <ClInclude Include="Source Code\External Libraries\glm\ext\quaternion_trigonometric.hpp">
      <Filter>External Libraries\glm</Filter>
    </ClInclude>
    <ClInclude Include="Source Code\External Libraries\glm\ext\scalar_common.hpp">
      <Filter>External Libraries\glm</Filter>
    </ClInclude>
    <ClInclude Include="Source Code\External Libraries\glm\ext\scalar_constants.hpp">
      <Filter>External Libraries\glm</Filter>
    </ClInclude>
    <ClInclude Include="Source Code\External Libraries\glm\ext\scalar_integer.hpp">
      <Filter>External Libraries\glm</Filter>
    </ClInclude>
    <ClInclude Include="Source Code\External Libraries\glm\ext\scalar_int_sized.hpp">
      <Filter>External Libraries\glm</Filter>
    </ClInclude>
    <ClInclude Include="Source Code\External Libraries\glm\ext\scalar_relational.hpp">
      <Filter>External Libraries\glm</Filter>
    </ClInclude>
    <ClInclude Include="Source Code\External Libraries\glm\ext\scalar_uint_sized.hpp">
      <Filter>External Libraries\glm</Filter>
    </ClInclude>
    <ClInclude Include="Source Code\External Libraries\glm\ext\scalar_ulp.hpp">
      <Filter>External Libraries\glm</Filter>
    </ClInclude>
    <ClInclude Include="Source Code\External Libraries\glm\ext\vector_bool1.hpp">
      <Filter>External Libraries\glm</Filter>
    </ClInclude>
    <ClInclude Include="Source Code\External Libraries\glm\ext\vector_bool1_precision.hpp">
      <Filter>External Libraries\glm</Filter>
    </ClInclude>
    <ClInclude Include="Source Code\External Libraries\glm\ext\vector_bool2.hpp">
      <Filter>External Libraries\glm</Filter>
    </ClInclude>
    <ClInclude Include="Source Code\External Libraries\glm\ext\vector_bool2_precision.hpp">
      <Filter>External Libraries\glm</Filter>
    </ClInclude>
    <ClInclude Include="Source Code\External Libraries\glm\ext\vector_bool3.hpp">
      <Filter>External Libraries\glm</Filter>
    </ClInclude>
    <ClInclude Include="Source Code\External Libraries\glm\ext\vector_bool3_precision.hpp">
      <Filter>External Libraries\glm</Filter>
    </ClInclude>
    <ClInclude Include="Source Code\External Libraries\glm\ext\vector_bool4.hpp">
      <Filter>External Libraries\glm</Filter>
    </ClInclude>
    <ClInclude Include="Source Code\External Libraries\glm\ext\vector_bool4_precision.hpp">
      <Filter>External Libraries\glm</Filter>
    </ClInclude>
    <ClInclude Include="Source Code\External Libraries\glm\ext\vector_common.hpp">
      <Filter>External Libraries\glm</Filter>
    </ClInclude>
    <ClInclude Include="Source Code\External Libraries\glm\ext\vector_double1.hpp">
      <Filter>External Libraries\glm</Filter>
    </ClInclude>
    <ClInclude Include="Source Code\External Libraries\glm\ext\vector_double1_precision.hpp">
      <Filter>External Libraries\glm</Filter>
    </ClInclude>
    <ClInclude Include="Source Code\External Libraries\glm\ext\vector_double2.hpp">
      <Filter>External Libraries\glm</Filter>
    </ClInclude>
    <ClInclude Include="Source Code\External Libraries\glm\ext\vector_double2_precision.hpp">
      <Filter>External Libraries\glm</Filter>
    </ClInclude>
    <ClInclude Include="Source Code\External Libraries\glm\ext\vector_double3.hpp">
      <Filter>External Libraries\glm</Filter>
    </ClInclude>
    <ClInclude Include="Source Code\External Libraries\glm\ext\vector_double3_precision.hpp">
      <Filter>External Libraries\glm</Filter>
    </ClInclude>
    <ClInclude Include="Source Code\External Libraries\glm\ext\vector_double4.hpp">
      <Filter>External Libraries\glm</Filter>
    </ClInclude>
    <ClInclude Include="Source Code\External Libraries\glm\ext\vector_double4_precision.hpp">
      <Filter>External Libraries\glm</Filter>
    </ClInclude>
    <ClInclude Include="Source Code\External Libraries\glm\ext\vector_float1.hpp">
      <Filter>External Libraries\glm</Filter>
    </ClInclude>
    <ClInclude Include="Source Code\External Libraries\glm\ext\vector_float1_precision.hpp">
      <Filter>External Libraries\glm</Filter>
    </ClInclude>
    <ClInclude Include="Source Code\External Libraries\glm\ext\vector_float2.hpp">
      <Filter>External Libraries\glm</Filter>
    </ClInclude>
    <ClInclude Include="Source Code\External Libraries\glm\ext\vector_float2_precision.hpp">
      <Filter>External Libraries\glm</Filter>
    </ClInclude>
    <ClInclude Include="Source Code\External Libraries\glm\ext\vector_float3.hpp">
      <Filter>External Libraries\glm</Filter>
    </ClInclude>
    <ClInclude Include="Source Code\External Libraries\glm\ext\vector_float3_precision.hpp">
      <Filter>External Libraries\glm</Filter>
    </ClInclude>
    <ClInclude Include="Source Code\External Libraries\glm\ext\vector_float4.hpp">
      <Filter>External Libraries\glm</Filter>
    </ClInclude>
    <ClInclude Include="Source Code\External Libraries\glm\ext\vector_float4_precision.hpp">
      <Filter>External Libraries\glm</Filter>
    </ClInclude>
    <ClInclude Include="Source Code\External Libraries\glm\ext\vector_int1.hpp">
      <Filter>External Libraries\glm</Filter>
    </ClInclude>
    <ClInclude Include="Source Code\External Libraries\glm\ext\vector_int1_precision.hpp">
      <Filter>External Libraries\glm</Filter>
    </ClInclude>
    <ClInclude Include="Source Code\External Libraries\glm\ext\vector_int2.hpp">
      <Filter>External Libraries\glm</Filter>
    </ClInclude>
    <ClInclude Include="Source Code\External Libraries\glm\ext\vector_int2_precision.hpp">
      <Filter>External Libraries\glm</Filter>
    </ClInclude>
    <ClInclude Include="Source Code\External Libraries\glm\ext\vector_int3.hpp">
      <Filter>External Libraries\glm</Filter>
    </ClInclude>
    <ClInclude Include="Source Code\External Libraries\glm\ext\vector_int3_precision.hpp">
      <Filter>External Libraries\glm</Filter>
    </ClInclude>
    <ClInclude Include="Source Code\External Libraries\glm\ext\vector_int4.hpp">
      <Filter>External Libraries\glm</Filter>
    </ClInclude>
    <ClInclude Include="Source Code\External Libraries\glm\ext\vector_int4_precision.hpp">
      <Filter>External Libraries\glm</Filter>
    </ClInclude>
    <ClInclude Include="Source Code\External Libraries\glm\ext\vector_integer.hpp">
      <Filter>External Libraries\glm</Filter>
    </ClInclude>
    <ClInclude Include="Source Code\External Libraries\glm\ext\vector_relational.hpp">
      <Filter>External Libraries\glm</Filter>
    </ClInclude>
    <ClInclude Include="Source Code\External Libraries\glm\ext\vector_uint1.hpp">
      <Filter>External Libraries\glm</Filter>
    </ClInclude>
    <ClInclude Include="Source Code\External Libraries\glm\ext\vector_uint1_precision.hpp">
      <Filter>External Libraries\glm</Filter>
    </ClInclude>
    <ClInclude Include="Source Code\External Libraries\glm\ext\vector_uint2.hpp">
      <Filter>External Libraries\glm</Filter>
    </ClInclude>
    <ClInclude Include="Source Code\External Libraries\glm\ext\vector_uint2_precision.hpp">
      <Filter>External Libraries\glm</Filter>
    </ClInclude>
    <ClInclude Include="Source Code\External Libraries\glm\ext\vector_uint3.hpp">
      <Filter>External Libraries\glm</Filter>
    </ClInclude>
    <ClInclude Include="Source Code\External Libraries\glm\ext\vector_uint3_precision.hpp">
      <Filter>External Libraries\glm</Filter>
    </ClInclude>
    <ClInclude Include="Source Code\External Libraries\glm\ext\vector_uint4.hpp">
      <Filter>External Libraries\glm</Filter>
    </ClInclude>
    <ClInclude Include="Source Code\External Libraries\glm\ext\vector_uint4_precision.hpp">
      <Filter>External Libraries\glm</Filter>
    </ClInclude>
    <ClInclude Include="Source Code\External Libraries\glm\ext\vector_ulp.hpp">
      <Filter>External Libraries\glm</Filter>
    </ClInclude>
    <ClInclude Include="Source Code\External Libraries\glm\gtc\bitfield.hpp">
      <Filter>External Libraries\glm</Filter>
    </ClInclude>
    <ClInclude Include="Source Code\External Libraries\glm\gtc\color_space.hpp">
      <Filter>External Libraries\glm</Filter>
    </ClInclude>
    <ClInclude Include="Source Code\External Libraries\glm\gtc\constants.hpp">
      <Filter>External Libraries\glm</Filter>
    </ClInclude>
    <ClInclude Include="Source Code\External Libraries\glm\gtc\epsilon.hpp">
      <Filter>External Libraries\glm</Filter>
    </ClInclude>
    <ClInclude Include="Source Code\External Libraries\glm\gtc\integer.hpp">
      <Filter>External Libraries\glm</Filter>
    </ClInclude>
    <ClInclude Include="Source Code\External Libraries\glm\gtc\matrix_access.hpp">
      <Filter>External Libraries\glm</Filter>
    </ClInclude>
    <ClInclude Include="Source Code\External Libraries\glm\gtc\matrix_integer.hpp">
      <Filter>External Libraries\glm</Filter>
    </ClInclude>
    <ClInclude Include="Source Code\External Libraries\glm\gtc\matrix_inverse.hpp">
      <Filter>External Libraries\glm</Filter>
    </ClInclude>
    <ClInclude Include="Source Code\External Libraries\glm\gtc\matrix_transform.hpp">
      <Filter>External Libraries\glm</Filter>
    </ClInclude>
    <ClInclude Include="Source Code\External Libraries\glm\gtc\noise.hpp">
      <Filter>External Libraries\glm</Filter>
    </ClInclude>
    <ClInclude Include="Source Code\External Libraries\glm\gtc\packing.hpp">
      <Filter>External Libraries\glm</Filter>
    </ClInclude>
    <ClInclude Include="Source Code\External Libraries\glm\gtc\quaternion.hpp">
      <Filter>External Libraries\glm</Filter>
    </ClInclude>
    <ClInclude Include="Source Code\External Libraries\glm\gtc\random.hpp">
      <Filter>External Libraries\glm</Filter>
    </ClInclude>
    <ClInclude Include="Source Code\External Libraries\glm\gtc\reciprocal.hpp">
      <Filter>External Libraries\glm</Filter>
    </ClInclude>
    <ClInclude Include="Source Code\External Libraries\glm\gtc\round.hpp">
      <Filter>External Libraries\glm</Filter>
    </ClInclude>
    <ClInclude Include="Source Code\External Libraries\glm\gtc\type_aligned.hpp">
      <Filter>External Libraries\glm</Filter>
    </ClInclude>
    <ClInclude Include="Source Code\External Libraries\glm\gtc\type_precision.hpp">
      <Filter>External Libraries\glm</Filter>
    </ClInclude>
    <ClInclude Include="Source Code\External Libraries\glm\gtc\type_ptr.hpp">
      <Filter>External Libraries\glm</Filter>
    </ClInclude>
    <ClInclude Include="Source Code\External Libraries\glm\gtc\ulp.hpp">
      <Filter>External Libraries\glm</Filter>
    </ClInclude>
    <ClInclude Include="Source Code\External Libraries\glm\gtc\vec1.hpp">
      <Filter>External Libraries\glm</Filter>
    </ClInclude>
    <ClInclude Include="Source Code\External Libraries\glm\gtx\associated_min_max.hpp">
      <Filter>External Libraries\glm</Filter>
    </ClInclude>
    <ClInclude Include="Source Code\External Libraries\glm\gtx\bit.hpp">
      <Filter>External Libraries\glm</Filter>
    </ClInclude>
    <ClInclude Include="Source Code\External Libraries\glm\gtx\closest_point.hpp">
      <Filter>External Libraries\glm</Filter>
    </ClInclude>
    <ClInclude Include="Source Code\External Libraries\glm\gtx\color_encoding.hpp">
      <Filter>External Libraries\glm</Filter>
    </ClInclude>
    <ClInclude Include="Source Code\External Libraries\glm\gtx\color_space.hpp">
      <Filter>External Libraries\glm</Filter>
    </ClInclude>
    <ClInclude Include="Source Code\External Libraries\glm\gtx\color_space_YCoCg.hpp">
      <Filter>External Libraries\glm</Filter>
    </ClInclude>
    <ClInclude Include="Source Code\External Libraries\glm\gtx\common.hpp">
      <Filter>External Libraries\glm</Filter>
    </ClInclude>
    <ClInclude Include="Source Code\External Libraries\glm\gtx\compatibility.hpp">
      <Filter>External Libraries\glm</Filter>
    </ClInclude>
    <ClInclude Include="Source Code\External Libraries\glm\gtx\component_wise.hpp">
      <Filter>External Libraries\glm</Filter>
    </ClInclude>
    <ClInclude Include="Source Code\External Libraries\glm\gtx\dual_quaternion.hpp">
      <Filter>External Libraries\glm</Filter>
    </ClInclude>
    <ClInclude Include="Source Code\External Libraries\glm\gtx\easing.hpp">
      <Filter>External Libraries\glm</Filter>
    </ClInclude>
    <ClInclude Include="Source Code\External Libraries\glm\gtx\euler_angles.hpp">
      <Filter>External Libraries\glm</Filter>
    </ClInclude>
    <ClInclude Include="Source Code\External Libraries\glm\gtx\extend.hpp">
      <Filter>External Libraries\glm</Filter>
    </ClInclude>
    <ClInclude Include="Source Code\External Libraries\glm\gtx\extended_min_max.hpp">
      <Filter>External Libraries\glm</Filter>
    </ClInclude>
    <ClInclude Include="Source Code\External Libraries\glm\gtx\exterior_product.hpp">
      <Filter>External Libraries\glm</Filter>
    </ClInclude>
    <ClInclude Include="Source Code\External Libraries\glm\gtx\fast_exponential.hpp">
      <Filter>External Libraries\glm</Filter>
    </ClInclude>
    <ClInclude Include="Source Code\External Libraries\glm\gtx\fast_square_root.hpp">
      <Filter>External Libraries\glm</Filter>
    </ClInclude>
    <ClInclude Include="Source Code\External Libraries\glm\gtx\fast_trigonometry.hpp">
      <Filter>External Libraries\glm</Filter>
    </ClInclude>
    <ClInclude Include="Source Code\External Libraries\glm\gtx\functions.hpp">
      <Filter>External Libraries\glm</Filter>
    </ClInclude>
    <ClInclude Include="Source Code\External Libraries\glm\gtx\gradient_paint.hpp">
      <Filter>External Libraries\glm</Filter>
    </ClInclude>
    <ClInclude Include="Source Code\External Libraries\glm\gtx\handed_coordinate_space.hpp">
      <Filter>External Libraries\glm</Filter>
    </ClInclude>
    <ClInclude Include="Source Code\External Libraries\glm\gtx\hash.hpp">
      <Filter>External Libraries\glm</Filter>
    </ClInclude>
    <ClInclude Include="Source Code\External Libraries\glm\gtx\integer.hpp">
      <Filter>External Libraries\glm</Filter>
    </ClInclude>
    <ClInclude Include="Source Code\External Libraries\glm\gtx\intersect.hpp">
      <Filter>External Libraries\glm</Filter>
    </ClInclude>
    <ClInclude Include="Source Code\External Libraries\glm\gtx\io.hpp">
      <Filter>External Libraries\glm</Filter>
    </ClInclude>
    <ClInclude Include="Source Code\External Libraries\glm\gtx\log_base.hpp">
      <Filter>External Libraries\glm</Filter>
    </ClInclude>
    <ClInclude Include="Source Code\External Libraries\glm\gtx\matrix_cross_product.hpp">
      <Filter>External Libraries\glm</Filter>
    </ClInclude>
    <ClInclude Include="Source Code\External Libraries\glm\gtx\matrix_decompose.hpp">
      <Filter>External Libraries\glm</Filter>
    </ClInclude>
    <ClInclude Include="Source Code\External Libraries\glm\gtx\matrix_factorisation.hpp">
      <Filter>External Libraries\glm</Filter>
    </ClInclude>
    <ClInclude Include="Source Code\External Libraries\glm\gtx\matrix_interpolation.hpp">
      <Filter>External Libraries\glm</Filter>
    </ClInclude>
    <ClInclude Include="Source Code\External Libraries\glm\gtx\matrix_major_storage.hpp">
      <Filter>External Libraries\glm</Filter>
    </ClInclude>
    <ClInclude Include="Source Code\External Libraries\glm\gtx\matrix_operation.hpp">
      <Filter>External Libraries\glm</Filter>
    </ClInclude>
    <ClInclude Include="Source Code\External Libraries\glm\gtx\matrix_query.hpp">
      <Filter>External Libraries\glm</Filter>
    </ClInclude>
    <ClInclude Include="Source Code\External Libraries\glm\gtx\matrix_transform_2d.hpp">
      <Filter>External Libraries\glm</Filter>
    </ClInclude>
    <ClInclude Include="Source Code\External Libraries\glm\gtx\mixed_product.hpp">
      <Filter>External Libraries\glm</Filter>
    </ClInclude>
    <ClInclude Include="Source Code\External Libraries\glm\gtx\norm.hpp">
      <Filter>External Libraries\glm</Filter>
    </ClInclude>
    <ClInclude Include="Source Code\External Libraries\glm\gtx\normal.hpp">
      <Filter>External Libraries\glm</Filter>
    </ClInclude>
    <ClInclude Include="Source Code\External Libraries\glm\gtx\normalize_dot.hpp">
      <Filter>External Libraries\glm</Filter>
    </ClInclude>
    <ClInclude Include="Source Code\External Libraries\glm\gtx\number_precision.hpp">
      <Filter>External Libraries\glm</Filter>
    </ClInclude>
    <ClInclude Include="Source Code\External Libraries\glm\gtx\optimum_pow.hpp">
      <Filter>External Libraries\glm</Filter>
    </ClInclude>
    <ClInclude Include="Source Code\External Libraries\glm\gtx\orthonormalize.hpp">
      <Filter>External Libraries\glm</Filter>
    </ClInclude>
    <ClInclude Include="Source Code\External Libraries\glm\gtx\perpendicular.hpp">
      <Filter>External Libraries\glm</Filter>
    </ClInclude>
    <ClInclude Include="Source Code\External Libraries\glm\gtx\polar_coordinates.hpp">
      <Filter>External Libraries\glm</Filter>
    </ClInclude>
    <ClInclude Include="Source Code\External Libraries\glm\gtx\projection.hpp">
      <Filter>External Libraries\glm</Filter>
    </ClInclude>
    <ClInclude Include="Source Code\External Libraries\glm\gtx\quaternion.hpp">
      <Filter>External Libraries\glm</Filter>
    </ClInclude>
    <ClInclude Include="Source Code\External Libraries\glm\gtx\range.hpp">
      <Filter>External Libraries\glm</Filter>
    </ClInclude>
    <ClInclude Include="Source Code\External Libraries\glm\gtx\raw_data.hpp">
      <Filter>External Libraries\glm</Filter>
    </ClInclude>
    <ClInclude Include="Source Code\External Libraries\glm\gtx\rotate_normalized_axis.hpp">
      <Filter>External Libraries\glm</Filter>
    </ClInclude>
    <ClInclude Include="Source Code\External Libraries\glm\gtx\rotate_vector.hpp">
      <Filter>External Libraries\glm</Filter>
    </ClInclude>
    <ClInclude Include="Source Code\External Libraries\glm\gtx\scalar_multiplication.hpp">
      <Filter>External Libraries\glm</Filter>
    </ClInclude>
    <ClInclude Include="Source Code\External Libraries\glm\gtx\scalar_relational.hpp">
      <Filter>External Libraries\glm</Filter>
    </ClInclude>
    <ClInclude Include="Source Code\External Libraries\glm\gtx\spline.hpp">
      <Filter>External Libraries\glm</Filter>
    </ClInclude>
    <ClInclude Include="Source Code\External Libraries\glm\gtx\std_based_type.hpp">
      <Filter>External Libraries\glm</Filter>
    </ClInclude>
    <ClInclude Include="Source Code\External Libraries\glm\gtx\string_cast.hpp">
      <Filter>External Libraries\glm</Filter>
    </ClInclude>
    <ClInclude Include="Source Code\External Libraries\glm\gtx\texture.hpp">
      <Filter>External Libraries\glm</Filter>
    </ClInclude>
    <ClInclude Include="Source Code\External Libraries\glm\gtx\transform.hpp">
      <Filter>External Libraries\glm</Filter>
    </ClInclude>
    <ClInclude Include="Source Code\External Libraries\glm\gtx\transform2.hpp">
      <Filter>External Libraries\glm</Filter>
    </ClInclude>
    <ClInclude Include="Source Code\External Libraries\glm\gtx\type_aligned.hpp">
      <Filter>External Libraries\glm</Filter>
    </ClInclude>
    <ClInclude Include="Source Code\External Libraries\glm\gtx\type_trait.hpp">
      <Filter>External Libraries\glm</Filter>
    </ClInclude>
    <ClInclude Include="Source Code\External Libraries\glm\gtx\vector_angle.hpp">
      <Filter>External Libraries\glm</Filter>
    </ClInclude>
    <ClInclude Include="Source Code\External Libraries\glm\gtx\vector_query.hpp">
      <Filter>External Libraries\glm</Filter>
    </ClInclude>
    <ClInclude Include="Source Code\External Libraries\glm\gtx\vec_swizzle.hpp">
      <Filter>External Libraries\glm</Filter>
    </ClInclude>
    <ClInclude Include="Source Code\External Libraries\glm\gtx\wrap.hpp">
      <Filter>External Libraries\glm</Filter>
    </ClInclude>
    <ClInclude Include="Source Code\External Libraries\glm\simd\common.h">
      <Filter>External Libraries\glm</Filter>
    </ClInclude>
    <ClInclude Include="Source Code\External Libraries\glm\simd\exponential.h">
      <Filter>External Libraries\glm</Filter>
    </ClInclude>
    <ClInclude Include="Source Code\External Libraries\glm\simd\geometric.h">
      <Filter>External Libraries\glm</Filter>
    </ClInclude>
    <ClInclude Include="Source Code\External Libraries\glm\simd\integer.h">
      <Filter>External Libraries\glm</Filter>
    </ClInclude>
    <ClInclude Include="Source Code\External Libraries\glm\simd\matrix.h">
      <Filter>External Libraries\glm</Filter>
    </ClInclude>
    <ClInclude Include="Source Code\External Libraries\glm\simd\neon.h">
      <Filter>External Libraries\glm</Filter>
    </ClInclude>
    <ClInclude Include="Source Code\External Libraries\glm\simd\packing.h">
      <Filter>External Libraries\glm</Filter>
    </ClInclude>
    <ClInclude Include="Source Code\External Libraries\glm\simd\platform.h">
      <Filter>External Libraries\glm</Filter>
    </ClInclude>
    <ClInclude Include="Source Code\External Libraries\glm\simd\trigonometric.h">
      <Filter>External Libraries\glm</Filter>
    </ClInclude>
    <ClInclude Include="Source Code\External Libraries\glm\simd\vector_relational.h">
      <Filter>External Libraries\glm</Filter>
    </ClInclude>
    <ClInclude Include="Source Code\External Libraries\glm\common.hpp">
      <Filter>External Libraries\glm</Filter>
    </ClInclude>
    <ClInclude Include="Source Code\External Libraries\glm\exponential.hpp">
      <Filter>External Libraries\glm</Filter>
    </ClInclude>
    <ClInclude Include="Source Code\External Libraries\glm\ext.hpp">
      <Filter>External Libraries\glm</Filter>
    </ClInclude>
    <ClInclude Include="Source Code\External Libraries\glm\fwd.hpp">
      <Filter>External Libraries\glm</Filter>
    </ClInclude>
    <ClInclude Include="Source Code\External Libraries\glm\geometric.hpp">
      <Filter>External Libraries\glm</Filter>
    </ClInclude>
    <ClInclude Include="Source Code\External Libraries\glm\glm.hpp">
      <Filter>External Libraries\glm</Filter>
    </ClInclude>
    <ClInclude Include="Source Code\External Libraries\glm\integer.hpp">
      <Filter>External Libraries\glm</Filter>
    </ClInclude>
    <ClInclude Include="Source Code\External Libraries\glm\mat2x2.hpp">
      <Filter>External Libraries\glm</Filter>
    </ClInclude>
    <ClInclude Include="Source Code\External Libraries\glm\mat2x3.hpp">
      <Filter>External Libraries\glm</Filter>
    </ClInclude>
    <ClInclude Include="Source Code\External Libraries\glm\mat2x4.hpp">
      <Filter>External Libraries\glm</Filter>
    </ClInclude>
    <ClInclude Include="Source Code\External Libraries\glm\mat3x2.hpp">
      <Filter>External Libraries\glm</Filter>
    </ClInclude>
    <ClInclude Include="Source Code\External Libraries\glm\mat3x3.hpp">
      <Filter>External Libraries\glm</Filter>
    </ClInclude>
    <ClInclude Include="Source Code\External Libraries\glm\mat3x4.hpp">
      <Filter>External Libraries\glm</Filter>
    </ClInclude>
    <ClInclude Include="Source Code\External Libraries\glm\mat4x2.hpp">
      <Filter>External Libraries\glm</Filter>
    </ClInclude>
    <ClInclude Include="Source Code\External Libraries\glm\mat4x3.hpp">
      <Filter>External Libraries\glm</Filter>
    </ClInclude>
    <ClInclude Include="Source Code\External Libraries\glm\mat4x4.hpp">
      <Filter>External Libraries\glm</Filter>
    </ClInclude>
    <ClInclude Include="Source Code\External Libraries\glm\matrix.hpp">
      <Filter>External Libraries\glm</Filter>
    </ClInclude>
    <ClInclude Include="Source Code\External Libraries\glm\packing.hpp">
      <Filter>External Libraries\glm</Filter>
    </ClInclude>
    <ClInclude Include="Source Code\External Libraries\glm\trigonometric.hpp">
      <Filter>External Libraries\glm</Filter>
    </ClInclude>
    <ClInclude Include="Source Code\External Libraries\glm\vec2.hpp">
      <Filter>External Libraries\glm</Filter>
    </ClInclude>
    <ClInclude Include="Source Code\External Libraries\glm\vec3.hpp">
      <Filter>External Libraries\glm</Filter>
    </ClInclude>
    <ClInclude Include="Source Code\External Libraries\glm\vec4.hpp">
      <Filter>External Libraries\glm</Filter>
    </ClInclude>
    <ClInclude Include="Source Code\External Libraries\glm\vector_relational.hpp">
      <Filter>External Libraries\glm</Filter>
    </ClInclude>
  </ItemGroup>
  <ItemGroup>
    <Filter Include="Source Code">
      <UniqueIdentifier>{e0f95dbb-9480-4263-968e-4c8d81d9f35f}</UniqueIdentifier>
    </Filter>
    <Filter Include="Source Code\Containers">
      <UniqueIdentifier>{25dffa32-e346-4af8-9669-2bc3f87525f3}</UniqueIdentifier>
    </Filter>
    <Filter Include="Source Code\Modules">
      <UniqueIdentifier>{f317e83d-1e91-4b12-b14b-79ece024fba9}</UniqueIdentifier>
    </Filter>
    <Filter Include="Source Code\Tools">
      <UniqueIdentifier>{759f7e70-31f7-4b86-be00-debebc558f59}</UniqueIdentifier>
    </Filter>
    <Filter Include="Source Code\GameObjects">
      <UniqueIdentifier>{70ddd702-1d19-464d-8fe9-5d0edbdab5a6}</UniqueIdentifier>
    </Filter>
    <Filter Include="Source Code\Editor">
      <UniqueIdentifier>{5c23cb72-7b71-4648-8e76-e1494dd55f3a}</UniqueIdentifier>
    </Filter>
    <Filter Include="Source Code\GameObjects\Components">
      <UniqueIdentifier>{7a22f48e-f24f-4f9b-87ca-da9c7d73ac05}</UniqueIdentifier>
    </Filter>
    <Filter Include="External Libraries">
      <UniqueIdentifier>{873dc186-77d1-4832-acb3-a23699d2fcf1}</UniqueIdentifier>
    </Filter>
    <Filter Include="External Libraries\MathGeoLib">
      <UniqueIdentifier>{af7403e8-28f8-4a0d-afc5-b9c12d60c9b8}</UniqueIdentifier>
    </Filter>
    <Filter Include="External Libraries\MathGeoLib\Algorithm">
      <UniqueIdentifier>{2c832079-b127-490a-8e04-8bac4e5e0b0e}</UniqueIdentifier>
    </Filter>
    <Filter Include="External Libraries\MathGeoLib\Geometry">
      <UniqueIdentifier>{ce7847f8-21f3-4bce-909f-f5365b451999}</UniqueIdentifier>
    </Filter>
    <Filter Include="External Libraries\MathGeoLib\Math">
      <UniqueIdentifier>{5e5668d8-5ffc-4c96-bc18-2fba23674b05}</UniqueIdentifier>
    </Filter>
    <Filter Include="External Libraries\MathGeoLib\Time">
      <UniqueIdentifier>{67e54249-6e6f-483a-89fd-eb4b78a4f4ef}</UniqueIdentifier>
    </Filter>
    <Filter Include="External Libraries\ImGui">
      <UniqueIdentifier>{5064927b-e69e-427b-8674-aed6b4b4e8e8}</UniqueIdentifier>
    </Filter>
    <Filter Include="External Libraries\Devil">
      <UniqueIdentifier>{4f51e8ea-0cf5-427a-91b5-48b2a4251d59}</UniqueIdentifier>
    </Filter>
    <Filter Include="External Libraries\parson">
      <UniqueIdentifier>{ba2abca1-375c-41b2-ae5c-bb3ea88488dd}</UniqueIdentifier>
    </Filter>
    <Filter Include="Source Code\Editor\Windows">
      <UniqueIdentifier>{f2c4dac0-ac1a-4fa0-85fd-6694283bd30c}</UniqueIdentifier>
    </Filter>
    <Filter Include="Source Code\Math">
      <UniqueIdentifier>{58dbb61c-d778-4c94-bfd3-7fb7d7f203f0}</UniqueIdentifier>
    </Filter>
    <Filter Include="External Libraries\ImGuizmo">
      <UniqueIdentifier>{c180a6c0-8b95-4e51-a65a-55607730373a}</UniqueIdentifier>
    </Filter>
    <Filter Include="Source Code\GameObjects\Particles">
      <UniqueIdentifier>{d92a79be-d03c-4d4c-9979-e3b4f0067120}</UniqueIdentifier>
    </Filter>
    <Filter Include="Source Code\Resources">
      <UniqueIdentifier>{879429dc-d135-49b9-bacf-adbd6f013298}</UniqueIdentifier>
    </Filter>
    <Filter Include="Source Code\Importers">
      <UniqueIdentifier>{3150bfbf-0070-4964-814c-181000b057ef}</UniqueIdentifier>
    </Filter>
    <Filter Include="Source Code\Editor\Windows\Base">
      <UniqueIdentifier>{9fc6a5eb-f8f7-42e9-a1b3-d8ceed62feda}</UniqueIdentifier>
    </Filter>
    <Filter Include="Source Code\Editor\Windows\Main">
      <UniqueIdentifier>{1cc25e30-5681-445b-9eba-4fbb059d88a0}</UniqueIdentifier>
    </Filter>
    <Filter Include="Source Code\Editor\Windows\Particles">
      <UniqueIdentifier>{91cea8fe-bca6-40c1-90b0-f5b2e2d6ef96}</UniqueIdentifier>
    </Filter>
    <Filter Include="Source Code\GameObjects\Helpers">
      <UniqueIdentifier>{d504f829-ec6d-4862-b41a-942669824cca}</UniqueIdentifier>
    </Filter>
    <Filter Include="Source Code\Resources\Base">
      <UniqueIdentifier>{58d1bd90-280e-4d97-9088-3689a60ca9e6}</UniqueIdentifier>
    </Filter>
    <Filter Include="Source Code\Editor\Windows\General">
      <UniqueIdentifier>{b81f8752-21cc-484d-8000-ec185b0b0359}</UniqueIdentifier>
    </Filter>
    <Filter Include="External Libraries\glm">
      <UniqueIdentifier>{6e446d6e-e865-4f74-ba12-413fcbf5794e}</UniqueIdentifier>
    </Filter>
  </ItemGroup>
  <ItemGroup>
    <None Include="Source Code\External Libraries\MathGeoLib\src\Geometry\TriangleMesh_IntersectRay_CPP.inl">
      <Filter>External Libraries\MathGeoLib\Geometry</Filter>
    </None>
    <None Include="Source Code\External Libraries\MathGeoLib\src\Geometry\TriangleMesh_IntersectRay_SSE.inl">
      <Filter>External Libraries\MathGeoLib\Geometry</Filter>
    </None>
    <None Include="Source Code\External Libraries\MathGeoLib\src\Geometry\KDTree.inl">
      <Filter>External Libraries\MathGeoLib\Geometry</Filter>
    </None>
    <None Include="Source Code\External Libraries\MathGeoLib\src\Geometry\QuadTree.inl">
      <Filter>External Libraries\MathGeoLib\Geometry</Filter>
    </None>
    <None Include="Source Code\External Libraries\MathGeoLib\src\Geometry\TriangleMesh_IntersectRay_AVX.inl">
      <Filter>External Libraries\MathGeoLib\Geometry</Filter>
    </None>
    <None Include="Source Code\External Libraries\MathGeoLib\src\Math\float2.inl">
      <Filter>External Libraries\MathGeoLib\Math</Filter>
    </None>
    <None Include="Source Code\External Libraries\MathGeoLib\src\Math\Matrix.inl">
      <Filter>External Libraries\MathGeoLib\Math</Filter>
    </None>
    <None Include="Source Code\External Libraries\glm\detail\func_common.inl">
      <Filter>External Libraries\glm</Filter>
    </None>
    <None Include="Source Code\External Libraries\glm\detail\func_common_simd.inl">
      <Filter>External Libraries\glm</Filter>
    </None>
    <None Include="Source Code\External Libraries\glm\detail\func_exponential.inl">
      <Filter>External Libraries\glm</Filter>
    </None>
    <None Include="Source Code\External Libraries\glm\detail\func_exponential_simd.inl">
      <Filter>External Libraries\glm</Filter>
    </None>
    <None Include="Source Code\External Libraries\glm\detail\func_geometric.inl">
      <Filter>External Libraries\glm</Filter>
    </None>
    <None Include="Source Code\External Libraries\glm\detail\func_geometric_simd.inl">
      <Filter>External Libraries\glm</Filter>
    </None>
    <None Include="Source Code\External Libraries\glm\detail\func_integer.inl">
      <Filter>External Libraries\glm</Filter>
    </None>
    <None Include="Source Code\External Libraries\glm\detail\func_integer_simd.inl">
      <Filter>External Libraries\glm</Filter>
    </None>
    <None Include="Source Code\External Libraries\glm\detail\func_matrix.inl">
      <Filter>External Libraries\glm</Filter>
    </None>
    <None Include="Source Code\External Libraries\glm\detail\func_matrix_simd.inl">
      <Filter>External Libraries\glm</Filter>
    </None>
    <None Include="Source Code\External Libraries\glm\detail\func_packing.inl">
      <Filter>External Libraries\glm</Filter>
    </None>
    <None Include="Source Code\External Libraries\glm\detail\func_packing_simd.inl">
      <Filter>External Libraries\glm</Filter>
    </None>
    <None Include="Source Code\External Libraries\glm\detail\func_trigonometric.inl">
      <Filter>External Libraries\glm</Filter>
    </None>
    <None Include="Source Code\External Libraries\glm\detail\func_trigonometric_simd.inl">
      <Filter>External Libraries\glm</Filter>
    </None>
    <None Include="Source Code\External Libraries\glm\detail\func_vector_relational.inl">
      <Filter>External Libraries\glm</Filter>
    </None>
    <None Include="Source Code\External Libraries\glm\detail\func_vector_relational_simd.inl">
      <Filter>External Libraries\glm</Filter>
    </None>
    <None Include="Source Code\External Libraries\glm\detail\type_half.inl">
      <Filter>External Libraries\glm</Filter>
    </None>
    <None Include="Source Code\External Libraries\glm\detail\type_mat2x2.inl">
      <Filter>External Libraries\glm</Filter>
    </None>
    <None Include="Source Code\External Libraries\glm\detail\type_mat2x3.inl">
      <Filter>External Libraries\glm</Filter>
    </None>
    <None Include="Source Code\External Libraries\glm\detail\type_mat2x4.inl">
      <Filter>External Libraries\glm</Filter>
    </None>
    <None Include="Source Code\External Libraries\glm\detail\type_mat3x2.inl">
      <Filter>External Libraries\glm</Filter>
    </None>
    <None Include="Source Code\External Libraries\glm\detail\type_mat3x3.inl">
      <Filter>External Libraries\glm</Filter>
    </None>
    <None Include="Source Code\External Libraries\glm\detail\type_mat3x4.inl">
      <Filter>External Libraries\glm</Filter>
    </None>
    <None Include="Source Code\External Libraries\glm\detail\type_mat4x2.inl">
      <Filter>External Libraries\glm</Filter>
    </None>
    <None Include="Source Code\External Libraries\glm\detail\type_mat4x3.inl">
      <Filter>External Libraries\glm</Filter>
    </None>
    <None Include="Source Code\External Libraries\glm\detail\type_mat4x4.inl">
      <Filter>External Libraries\glm</Filter>
    </None>
    <None Include="Source Code\External Libraries\glm\detail\type_mat4x4_simd.inl">
      <Filter>External Libraries\glm</Filter>
    </None>
    <None Include="Source Code\External Libraries\glm\detail\type_quat.inl">
      <Filter>External Libraries\glm</Filter>
    </None>
    <None Include="Source Code\External Libraries\glm\detail\type_quat_simd.inl">
      <Filter>External Libraries\glm</Filter>
    </None>
    <None Include="Source Code\External Libraries\glm\detail\type_vec1.inl">
      <Filter>External Libraries\glm</Filter>
    </None>
    <None Include="Source Code\External Libraries\glm\detail\type_vec2.inl">
      <Filter>External Libraries\glm</Filter>
    </None>
    <None Include="Source Code\External Libraries\glm\detail\type_vec3.inl">
      <Filter>External Libraries\glm</Filter>
    </None>
    <None Include="Source Code\External Libraries\glm\detail\type_vec4.inl">
      <Filter>External Libraries\glm</Filter>
    </None>
    <None Include="Source Code\External Libraries\glm\detail\type_vec4_simd.inl">
      <Filter>External Libraries\glm</Filter>
    </None>
    <None Include="Source Code\External Libraries\glm\ext\matrix_clip_space.inl">
      <Filter>External Libraries\glm</Filter>
    </None>
    <None Include="Source Code\External Libraries\glm\ext\matrix_common.inl">
      <Filter>External Libraries\glm</Filter>
    </None>
    <None Include="Source Code\External Libraries\glm\ext\matrix_projection.inl">
      <Filter>External Libraries\glm</Filter>
    </None>
    <None Include="Source Code\External Libraries\glm\ext\matrix_relational.inl">
      <Filter>External Libraries\glm</Filter>
    </None>
    <None Include="Source Code\External Libraries\glm\ext\matrix_transform.inl">
      <Filter>External Libraries\glm</Filter>
    </None>
    <None Include="Source Code\External Libraries\glm\ext\quaternion_common.inl">
      <Filter>External Libraries\glm</Filter>
    </None>
    <None Include="Source Code\External Libraries\glm\ext\quaternion_common_simd.inl">
      <Filter>External Libraries\glm</Filter>
    </None>
    <None Include="Source Code\External Libraries\glm\ext\quaternion_exponential.inl">
      <Filter>External Libraries\glm</Filter>
    </None>
    <None Include="Source Code\External Libraries\glm\ext\quaternion_geometric.inl">
      <Filter>External Libraries\glm</Filter>
    </None>
    <None Include="Source Code\External Libraries\glm\ext\quaternion_relational.inl">
      <Filter>External Libraries\glm</Filter>
    </None>
    <None Include="Source Code\External Libraries\glm\ext\quaternion_transform.inl">
      <Filter>External Libraries\glm</Filter>
    </None>
    <None Include="Source Code\External Libraries\glm\ext\quaternion_trigonometric.inl">
      <Filter>External Libraries\glm</Filter>
    </None>
    <None Include="Source Code\External Libraries\glm\ext\scalar_common.inl">
      <Filter>External Libraries\glm</Filter>
    </None>
    <None Include="Source Code\External Libraries\glm\ext\scalar_constants.inl">
      <Filter>External Libraries\glm</Filter>
    </None>
    <None Include="Source Code\External Libraries\glm\ext\scalar_integer.inl">
      <Filter>External Libraries\glm</Filter>
    </None>
    <None Include="Source Code\External Libraries\glm\ext\scalar_relational.inl">
      <Filter>External Libraries\glm</Filter>
    </None>
    <None Include="Source Code\External Libraries\glm\ext\scalar_ulp.inl">
      <Filter>External Libraries\glm</Filter>
    </None>
    <None Include="Source Code\External Libraries\glm\ext\vector_common.inl">
      <Filter>External Libraries\glm</Filter>
    </None>
    <None Include="Source Code\External Libraries\glm\ext\vector_integer.inl">
      <Filter>External Libraries\glm</Filter>
    </None>
    <None Include="Source Code\External Libraries\glm\ext\vector_relational.inl">
      <Filter>External Libraries\glm</Filter>
    </None>
    <None Include="Source Code\External Libraries\glm\ext\vector_ulp.inl">
      <Filter>External Libraries\glm</Filter>
    </None>
    <None Include="Source Code\External Libraries\glm\gtc\bitfield.inl">
      <Filter>External Libraries\glm</Filter>
    </None>
    <None Include="Source Code\External Libraries\glm\gtc\color_space.inl">
      <Filter>External Libraries\glm</Filter>
    </None>
    <None Include="Source Code\External Libraries\glm\gtc\constants.inl">
      <Filter>External Libraries\glm</Filter>
    </None>
    <None Include="Source Code\External Libraries\glm\gtc\epsilon.inl">
      <Filter>External Libraries\glm</Filter>
    </None>
    <None Include="Source Code\External Libraries\glm\gtc\integer.inl">
      <Filter>External Libraries\glm</Filter>
    </None>
    <None Include="Source Code\External Libraries\glm\gtc\matrix_access.inl">
      <Filter>External Libraries\glm</Filter>
    </None>
    <None Include="Source Code\External Libraries\glm\gtc\matrix_inverse.inl">
      <Filter>External Libraries\glm</Filter>
    </None>
    <None Include="Source Code\External Libraries\glm\gtc\matrix_transform.inl">
      <Filter>External Libraries\glm</Filter>
    </None>
    <None Include="Source Code\External Libraries\glm\gtc\noise.inl">
      <Filter>External Libraries\glm</Filter>
    </None>
    <None Include="Source Code\External Libraries\glm\gtc\packing.inl">
      <Filter>External Libraries\glm</Filter>
    </None>
    <None Include="Source Code\External Libraries\glm\gtc\quaternion.inl">
      <Filter>External Libraries\glm</Filter>
    </None>
    <None Include="Source Code\External Libraries\glm\gtc\quaternion_simd.inl">
      <Filter>External Libraries\glm</Filter>
    </None>
    <None Include="Source Code\External Libraries\glm\gtc\random.inl">
      <Filter>External Libraries\glm</Filter>
    </None>
    <None Include="Source Code\External Libraries\glm\gtc\reciprocal.inl">
      <Filter>External Libraries\glm</Filter>
    </None>
    <None Include="Source Code\External Libraries\glm\gtc\round.inl">
      <Filter>External Libraries\glm</Filter>
    </None>
    <None Include="Source Code\External Libraries\glm\gtc\type_precision.inl">
      <Filter>External Libraries\glm</Filter>
    </None>
    <None Include="Source Code\External Libraries\glm\gtc\type_ptr.inl">
      <Filter>External Libraries\glm</Filter>
    </None>
    <None Include="Source Code\External Libraries\glm\gtc\ulp.inl">
      <Filter>External Libraries\glm</Filter>
    </None>
    <None Include="Source Code\External Libraries\glm\gtx\associated_min_max.inl">
      <Filter>External Libraries\glm</Filter>
    </None>
    <None Include="Source Code\External Libraries\glm\gtx\bit.inl">
      <Filter>External Libraries\glm</Filter>
    </None>
    <None Include="Source Code\External Libraries\glm\gtx\closest_point.inl">
      <Filter>External Libraries\glm</Filter>
    </None>
    <None Include="Source Code\External Libraries\glm\gtx\color_encoding.inl">
      <Filter>External Libraries\glm</Filter>
    </None>
    <None Include="Source Code\External Libraries\glm\gtx\color_space.inl">
      <Filter>External Libraries\glm</Filter>
    </None>
    <None Include="Source Code\External Libraries\glm\gtx\color_space_YCoCg.inl">
      <Filter>External Libraries\glm</Filter>
    </None>
    <None Include="Source Code\External Libraries\glm\gtx\common.inl">
      <Filter>External Libraries\glm</Filter>
    </None>
    <None Include="Source Code\External Libraries\glm\gtx\compatibility.inl">
      <Filter>External Libraries\glm</Filter>
    </None>
    <None Include="Source Code\External Libraries\glm\gtx\component_wise.inl">
      <Filter>External Libraries\glm</Filter>
    </None>
    <None Include="Source Code\External Libraries\glm\gtx\dual_quaternion.inl">
      <Filter>External Libraries\glm</Filter>
    </None>
    <None Include="Source Code\External Libraries\glm\gtx\easing.inl">
      <Filter>External Libraries\glm</Filter>
    </None>
    <None Include="Source Code\External Libraries\glm\gtx\euler_angles.inl">
      <Filter>External Libraries\glm</Filter>
    </None>
    <None Include="Source Code\External Libraries\glm\gtx\extend.inl">
      <Filter>External Libraries\glm</Filter>
    </None>
    <None Include="Source Code\External Libraries\glm\gtx\extended_min_max.inl">
      <Filter>External Libraries\glm</Filter>
    </None>
    <None Include="Source Code\External Libraries\glm\gtx\exterior_product.inl">
      <Filter>External Libraries\glm</Filter>
    </None>
    <None Include="Source Code\External Libraries\glm\gtx\fast_exponential.inl">
      <Filter>External Libraries\glm</Filter>
    </None>
    <None Include="Source Code\External Libraries\glm\gtx\fast_square_root.inl">
      <Filter>External Libraries\glm</Filter>
    </None>
    <None Include="Source Code\External Libraries\glm\gtx\fast_trigonometry.inl">
      <Filter>External Libraries\glm</Filter>
    </None>
    <None Include="Source Code\External Libraries\glm\gtx\float_notmalize.inl">
      <Filter>External Libraries\glm</Filter>
    </None>
    <None Include="Source Code\External Libraries\glm\gtx\functions.inl">
      <Filter>External Libraries\glm</Filter>
    </None>
    <None Include="Source Code\External Libraries\glm\gtx\gradient_paint.inl">
      <Filter>External Libraries\glm</Filter>
    </None>
    <None Include="Source Code\External Libraries\glm\gtx\handed_coordinate_space.inl">
      <Filter>External Libraries\glm</Filter>
    </None>
    <None Include="Source Code\External Libraries\glm\gtx\hash.inl">
      <Filter>External Libraries\glm</Filter>
    </None>
    <None Include="Source Code\External Libraries\glm\gtx\integer.inl">
      <Filter>External Libraries\glm</Filter>
    </None>
    <None Include="Source Code\External Libraries\glm\gtx\intersect.inl">
      <Filter>External Libraries\glm</Filter>
    </None>
    <None Include="Source Code\External Libraries\glm\gtx\io.inl">
      <Filter>External Libraries\glm</Filter>
    </None>
    <None Include="Source Code\External Libraries\glm\gtx\log_base.inl">
      <Filter>External Libraries\glm</Filter>
    </None>
    <None Include="Source Code\External Libraries\glm\gtx\matrix_cross_product.inl">
      <Filter>External Libraries\glm</Filter>
    </None>
    <None Include="Source Code\External Libraries\glm\gtx\matrix_decompose.inl">
      <Filter>External Libraries\glm</Filter>
    </None>
    <None Include="Source Code\External Libraries\glm\gtx\matrix_factorisation.inl">
      <Filter>External Libraries\glm</Filter>
    </None>
    <None Include="Source Code\External Libraries\glm\gtx\matrix_interpolation.inl">
      <Filter>External Libraries\glm</Filter>
    </None>
    <None Include="Source Code\External Libraries\glm\gtx\matrix_major_storage.inl">
      <Filter>External Libraries\glm</Filter>
    </None>
    <None Include="Source Code\External Libraries\glm\gtx\matrix_operation.inl">
      <Filter>External Libraries\glm</Filter>
    </None>
    <None Include="Source Code\External Libraries\glm\gtx\matrix_query.inl">
      <Filter>External Libraries\glm</Filter>
    </None>
    <None Include="Source Code\External Libraries\glm\gtx\matrix_transform_2d.inl">
      <Filter>External Libraries\glm</Filter>
    </None>
    <None Include="Source Code\External Libraries\glm\gtx\mixed_product.inl">
      <Filter>External Libraries\glm</Filter>
    </None>
    <None Include="Source Code\External Libraries\glm\gtx\norm.inl">
      <Filter>External Libraries\glm</Filter>
    </None>
    <None Include="Source Code\External Libraries\glm\gtx\normal.inl">
      <Filter>External Libraries\glm</Filter>
    </None>
    <None Include="Source Code\External Libraries\glm\gtx\normalize_dot.inl">
      <Filter>External Libraries\glm</Filter>
    </None>
    <None Include="Source Code\External Libraries\glm\gtx\number_precision.inl">
      <Filter>External Libraries\glm</Filter>
    </None>
    <None Include="Source Code\External Libraries\glm\gtx\optimum_pow.inl">
      <Filter>External Libraries\glm</Filter>
    </None>
    <None Include="Source Code\External Libraries\glm\gtx\orthonormalize.inl">
      <Filter>External Libraries\glm</Filter>
    </None>
    <None Include="Source Code\External Libraries\glm\gtx\perpendicular.inl">
      <Filter>External Libraries\glm</Filter>
    </None>
    <None Include="Source Code\External Libraries\glm\gtx\polar_coordinates.inl">
      <Filter>External Libraries\glm</Filter>
    </None>
    <None Include="Source Code\External Libraries\glm\gtx\projection.inl">
      <Filter>External Libraries\glm</Filter>
    </None>
    <None Include="Source Code\External Libraries\glm\gtx\quaternion.inl">
      <Filter>External Libraries\glm</Filter>
    </None>
    <None Include="Source Code\External Libraries\glm\gtx\raw_data.inl">
      <Filter>External Libraries\glm</Filter>
    </None>
    <None Include="Source Code\External Libraries\glm\gtx\rotate_normalized_axis.inl">
      <Filter>External Libraries\glm</Filter>
    </None>
    <None Include="Source Code\External Libraries\glm\gtx\rotate_vector.inl">
      <Filter>External Libraries\glm</Filter>
    </None>
    <None Include="Source Code\External Libraries\glm\gtx\scalar_relational.inl">
      <Filter>External Libraries\glm</Filter>
    </None>
    <None Include="Source Code\External Libraries\glm\gtx\spline.inl">
      <Filter>External Libraries\glm</Filter>
    </None>
    <None Include="Source Code\External Libraries\glm\gtx\std_based_type.inl">
      <Filter>External Libraries\glm</Filter>
    </None>
    <None Include="Source Code\External Libraries\glm\gtx\string_cast.inl">
      <Filter>External Libraries\glm</Filter>
    </None>
    <None Include="Source Code\External Libraries\glm\gtx\texture.inl">
      <Filter>External Libraries\glm</Filter>
    </None>
    <None Include="Source Code\External Libraries\glm\gtx\transform.inl">
      <Filter>External Libraries\glm</Filter>
    </None>
    <None Include="Source Code\External Libraries\glm\gtx\transform2.inl">
      <Filter>External Libraries\glm</Filter>
    </None>
    <None Include="Source Code\External Libraries\glm\gtx\type_aligned.inl">
      <Filter>External Libraries\glm</Filter>
    </None>
    <None Include="Source Code\External Libraries\glm\gtx\type_trait.inl">
      <Filter>External Libraries\glm</Filter>
    </None>
    <None Include="Source Code\External Libraries\glm\gtx\vector_angle.inl">
      <Filter>External Libraries\glm</Filter>
    </None>
    <None Include="Source Code\External Libraries\glm\gtx\vector_query.inl">
      <Filter>External Libraries\glm</Filter>
    </None>
    <None Include="Source Code\External Libraries\glm\gtx\wrap.inl">
      <Filter>External Libraries\glm</Filter>
    </None>
  </ItemGroup>
  <ItemGroup>
    <Image Include="ThorIcon.ico" />
  </ItemGroup>
  <ItemGroup>
    <ResourceCompile Include="ThorEngine.rc" />
  </ItemGroup>
  <ItemGroup>
    <Text Include="Source Code\External Libraries\glm\CMakeLists.txt">
      <Filter>External Libraries\glm</Filter>
    </Text>
  </ItemGroup>
</Project>